# Code generated by scarb DO NOT EDIT.
version = 1

[[package]]
name = "baz"
version = "0.1.0"
source = "git+https://github.com/LucasLvy/baz#90048880475e9598e1d52d59c78b29b8d5943f0f"

[[package]]
name = "openzeppelin"
version = "0.9.0"
source = "git+https://github.com/OpenZeppelin/cairo-contracts?branch=main#a66d6e70aa78f49fffcf7456d3d91be834473d44"

[[package]]
name = "vault"
version = "0.1.0"
dependencies = [
 "baz",
 "openzeppelin",
]
