// !$*UTF8*$!
{
	archiveVersion = 1;
	classes = {
	};
	objectVersion = 56;
	objects = {

/* Begin PBXBuildFile section */
		9C2E73C32BF39635004FFFD1 /* BalanceView.swift in Sources */ = {isa = PBXBuildFile; fileRef = 9C2E73C22BF39635004FFFD1 /* BalanceView.swift */; };
		9C2E73C52BF3CB86004FFFD1 /* Background.swift in Sources */ = {isa = PBXBuildFile; fileRef = 9C2E73C42BF3CB86004FFFD1 /* Background.swift */; };
		9C4F45192BDE949D00D44CBE /* SecureEnclaveManager.swift in Sources */ = {isa = PBXBuildFile; fileRef = 9C4F45182BDE949D00D44CBE /* SecureEnclaveManager.swift */; };
		9C4F451B2BDE999000D44CBE /* String+Error.swift in Sources */ = {isa = PBXBuildFile; fileRef = 9C4F451A2BDE999000D44CBE /* String+Error.swift */; };
		9C4F451D2BDEEF0E00D44CBE /* Data+from.swift in Sources */ = {isa = PBXBuildFile; fileRef = 9C4F451C2BDEEF0E00D44CBE /* Data+from.swift */; };
		9C5CFDA62BC69446001776E1 /* CountryPickerView.swift in Sources */ = {isa = PBXBuildFile; fileRef = 9C5CFDA52BC69446001776E1 /* CountryPickerView.swift */; };
		9C5CFDA82BC73DB0001776E1 /* SearchBar.swift in Sources */ = {isa = PBXBuildFile; fileRef = 9C5CFDA72BC73DB0001776E1 /* SearchBar.swift */; };
		9C5CFDAE2BC828C9001776E1 /* PhoneNumberModel.swift in Sources */ = {isa = PBXBuildFile; fileRef = 9C5CFDAD2BC828C9001776E1 /* PhoneNumberModel.swift */; };
		9C5CFDB02BC828DE001776E1 /* Locale.swift in Sources */ = {isa = PBXBuildFile; fileRef = 9C5CFDAF2BC828DE001776E1 /* Locale.swift */; };
		9C5CFDB22BC82C57001776E1 /* Array+indexed.swift in Sources */ = {isa = PBXBuildFile; fileRef = 9C5CFDB12BC82C57001776E1 /* Array+indexed.swift */; };
		9C637CD62BB09334005816B4 /* NotificationsView.swift in Sources */ = {isa = PBXBuildFile; fileRef = 9C637CD52BB09334005816B4 /* NotificationsView.swift */; };
		9C637CD92BB09710005816B4 /* NotificationsManager.swift in Sources */ = {isa = PBXBuildFile; fileRef = 9C637CD82BB09710005816B4 /* NotificationsManager.swift */; };
		9C637CDB2BB09C4D005816B4 /* Notification.swift in Sources */ = {isa = PBXBuildFile; fileRef = 9C637CDA2BB09C4D005816B4 /* Notification.swift */; };
		9C637CDE2BB0A564005816B4 /* AppIcon.swift in Sources */ = {isa = PBXBuildFile; fileRef = 9C637CDD2BB0A564005816B4 /* AppIcon.swift */; };
		9C637CE02BB0C0E5005816B4 /* Input.swift in Sources */ = {isa = PBXBuildFile; fileRef = 9C637CDF2BB0C0E5005816B4 /* Input.swift */; };
		9CD1BE8A2BCD4F5B0077A60B /* OTPInput.swift in Sources */ = {isa = PBXBuildFile; fileRef = 9CD1BE892BCD4F5B0077A60B /* OTPInput.swift */; };
		9CD1BE8C2BCD5D790077A60B /* String+character.swift in Sources */ = {isa = PBXBuildFile; fileRef = 9CD1BE8B2BCD5D790077A60B /* String+character.swift */; };
		9CD1BE902BD53F7A0077A60B /* VaultService.swift in Sources */ = {isa = PBXBuildFile; fileRef = 9CD1BE8F2BD53F7A0077A60B /* VaultService.swift */; };
		9CD1BE962BD589AD0077A60B /* RegistrationModel.swift in Sources */ = {isa = PBXBuildFile; fileRef = 9CD1BE952BD589AD0077A60B /* RegistrationModel.swift */; };
		9CD1BE982BD7C51A0077A60B /* PhoneNumber+Parse.swift in Sources */ = {isa = PBXBuildFile; fileRef = 9CD1BE972BD7C51A0077A60B /* PhoneNumber+Parse.swift */; };
		9CD390EB2BE1977E00238FE9 /* HTTPURLReponse.swift in Sources */ = {isa = PBXBuildFile; fileRef = 9CD390EA2BE1977E00238FE9 /* HTTPURLReponse.swift */; };
		9CD390ED2BE3CF5D00238FE9 /* TransferView.swift in Sources */ = {isa = PBXBuildFile; fileRef = 9CD390EC2BE3CF5D00238FE9 /* TransferView.swift */; };
		9CD390EF2BE5284000238FE9 /* AmountInput.swift in Sources */ = {isa = PBXBuildFile; fileRef = 9CD390EE2BE5284000238FE9 /* AmountInput.swift */; };
		9CD390F52BE93A2400238FE9 /* Sofia Pro Medium.otf in Resources */ = {isa = PBXBuildFile; fileRef = 9CD390F42BE93A2400238FE9 /* Sofia Pro Medium.otf */; };
		9CD390F72BEA3D2A00238FE9 /* EarnView.swift in Sources */ = {isa = PBXBuildFile; fileRef = 9CD390F62BEA3D2A00238FE9 /* EarnView.swift */; };
		9CD390FB2BEAB6C600238FE9 /* WebView.swift in Sources */ = {isa = PBXBuildFile; fileRef = 9CD390FA2BEAB6C600238FE9 /* WebView.swift */; };
		9CD7789D2BB1846600BA4677 /* AccessCodeView.swift in Sources */ = {isa = PBXBuildFile; fileRef = 9CD7789C2BB1846600BA4677 /* AccessCodeView.swift */; };
		9CD7789F2BB185C200BA4677 /* CelebrationView.swift in Sources */ = {isa = PBXBuildFile; fileRef = 9CD7789E2BB185C200BA4677 /* CelebrationView.swift */; };
		9CD778A32BB1939200BA4677 /* ConfettiSwiftUI in Frameworks */ = {isa = PBXBuildFile; productRef = 9CD778A22BB1939200BA4677 /* ConfettiSwiftUI */; };
		9CD778A82BB2CE7D00BA4677 /* SettingsModel.swift in Sources */ = {isa = PBXBuildFile; fileRef = 9CD778A72BB2CE7D00BA4677 /* SettingsModel.swift */; };
		9CD778AB2BBAF8BE00BA4677 /* HomeView.swift in Sources */ = {isa = PBXBuildFile; fileRef = 9CD778AA2BBAF8BE00BA4677 /* HomeView.swift */; };
		9CD778AE2BBC1A7300BA4677 /* GraphView.swift in Sources */ = {isa = PBXBuildFile; fileRef = 9CD778AD2BBC1A7300BA4677 /* GraphView.swift */; };
		9CD778B02BBC1A9C00BA4677 /* View+if.swift in Sources */ = {isa = PBXBuildFile; fileRef = 9CD778AF2BBC1A9C00BA4677 /* View+if.swift */; };
		9CD778B32BBC38F400BA4677 /* HistoricalGraph.swift in Sources */ = {isa = PBXBuildFile; fileRef = 9CD778B22BBC38F400BA4677 /* HistoricalGraph.swift */; };
		9CD778B62BBCB0DE00BA4677 /* Constants.swift in Sources */ = {isa = PBXBuildFile; fileRef = 9CD778B52BBCB0DE00BA4677 /* Constants.swift */; };
		9CD778B82BBCB2A100BA4677 /* USDCAmount.swift in Sources */ = {isa = PBXBuildFile; fileRef = 9CD778B72BBCB2A100BA4677 /* USDCAmount.swift */; };
		9CD778BA2BBCB89C00BA4677 /* TransferRow.swift in Sources */ = {isa = PBXBuildFile; fileRef = 9CD778B92BBCB89C00BA4677 /* TransferRow.swift */; };
		9CD778BC2BBED06700BA4677 /* CustomTabBar.swift in Sources */ = {isa = PBXBuildFile; fileRef = 9CD778BB2BBED06700BA4677 /* CustomTabBar.swift */; };
		9CD778C02BBF1E5C00BA4677 /* EdgeBorder.swift in Sources */ = {isa = PBXBuildFile; fileRef = 9CD778BF2BBF1E5C00BA4677 /* EdgeBorder.swift */; };
		9CD778C22BBF1E9200BA4677 /* View+border.swift in Sources */ = {isa = PBXBuildFile; fileRef = 9CD778C12BBF1E9200BA4677 /* View+border.swift */; };
		9CD778C42BC1B63800BA4677 /* BudgetView.swift in Sources */ = {isa = PBXBuildFile; fileRef = 9CD778C32BC1B63800BA4677 /* BudgetView.swift */; };
		9CD778C62BC1DEEA00BA4677 /* NavigationModel.swift in Sources */ = {isa = PBXBuildFile; fileRef = 9CD778C52BC1DEEA00BA4677 /* NavigationModel.swift */; };
		9CD778CB2BC3113A00BA4677 /* PhoneRequestView.swift in Sources */ = {isa = PBXBuildFile; fileRef = 9CD778CA2BC3113A00BA4677 /* PhoneRequestView.swift */; };
		9CD778CD2BC3115E00BA4677 /* PhoneValidationView.swift in Sources */ = {isa = PBXBuildFile; fileRef = 9CD778CC2BC3115E00BA4677 /* PhoneValidationView.swift */; };
		9CD778D02BC43F7400BA4677 /* PhoneNumberKit in Frameworks */ = {isa = PBXBuildFile; productRef = 9CD778CF2BC43F7400BA4677 /* PhoneNumberKit */; };
		9CD778D22BC4423C00BA4677 /* PhoneInput.swift in Sources */ = {isa = PBXBuildFile; fileRef = 9CD778D12BC4423C00BA4677 /* PhoneInput.swift */; };
		9CD778D42BC4426D00BA4677 /* View+placeholder.swift in Sources */ = {isa = PBXBuildFile; fileRef = 9CD778D32BC4426D00BA4677 /* View+placeholder.swift */; };
		9CDFD3FF2BAB3428000466B9 /* VaultApp.swift in Sources */ = {isa = PBXBuildFile; fileRef = 9CDFD3FE2BAB3428000466B9 /* VaultApp.swift */; };
		9CDFD4012BAB3428000466B9 /* ContentView.swift in Sources */ = {isa = PBXBuildFile; fileRef = 9CDFD4002BAB3428000466B9 /* ContentView.swift */; };
		9CDFD4032BAB3429000466B9 /* Assets.xcassets in Resources */ = {isa = PBXBuildFile; fileRef = 9CDFD4022BAB3429000466B9 /* Assets.xcassets */; };
		9CDFD4102BAB3429000466B9 /* VaultTests.swift in Sources */ = {isa = PBXBuildFile; fileRef = 9CDFD40F2BAB3429000466B9 /* VaultTests.swift */; };
		9CDFD41A2BAB3429000466B9 /* VaultUITests.swift in Sources */ = {isa = PBXBuildFile; fileRef = 9CDFD4192BAB3429000466B9 /* VaultUITests.swift */; };
		9CDFD41C2BAB3429000466B9 /* VaultUITestsLaunchTests.swift in Sources */ = {isa = PBXBuildFile; fileRef = 9CDFD41B2BAB3429000466B9 /* VaultUITestsLaunchTests.swift */; };
		9CDFD42D2BAB4D1D000466B9 /* WelcomeView.swift in Sources */ = {isa = PBXBuildFile; fileRef = 9CDFD42C2BAB4D1D000466B9 /* WelcomeView.swift */; };
		9CDFD42F2BAB7641000466B9 /* OnboardingView.swift in Sources */ = {isa = PBXBuildFile; fileRef = 9CDFD42E2BAB7641000466B9 /* OnboardingView.swift */; };
		9CDFD4382BAB8934000466B9 /* Buttons.swift in Sources */ = {isa = PBXBuildFile; fileRef = 9CDFD4372BAB8934000466B9 /* Buttons.swift */; };
		9CDFD43A2BAC4561000466B9 /* AskSurnameView.swift in Sources */ = {isa = PBXBuildFile; fileRef = 9CDFD4392BAC4561000466B9 /* AskSurnameView.swift */; };
		9CDFD43C2BAC8BE6000466B9 /* FaceIDView.swift in Sources */ = {isa = PBXBuildFile; fileRef = 9CDFD43B2BAC8BE6000466B9 /* FaceIDView.swift */; };
		9CDFD43E2BAD7F12000466B9 /* Shared.swift in Sources */ = {isa = PBXBuildFile; fileRef = 9CDFD43D2BAD7F12000466B9 /* Shared.swift */; };
		9CDFD4402BAD83E7000466B9 /* ThemedText.swift in Sources */ = {isa = PBXBuildFile; fileRef = 9CDFD43F2BAD83E7000466B9 /* ThemedText.swift */; };
		9CDFD4432BADA297000466B9 /* BiometricAuthManager.swift in Sources */ = {isa = PBXBuildFile; fileRef = 9CDFD4422BADA297000466B9 /* BiometricAuthManager.swift */; };
		9CE7A7572BE050C0008509FE /* Starknet in Frameworks */ = {isa = PBXBuildFile; productRef = 9CE7A7562BE050C0008509FE /* Starknet */; };
		9CE7A75B2BE12CBC008509FE /* Data+Hex.swift in Sources */ = {isa = PBXBuildFile; fileRef = 9CE7A75A2BE12CBC008509FE /* Data+Hex.swift */; };
		9CE7A75D2BE15C21008509FE /* SpinnerView.swift in Sources */ = {isa = PBXBuildFile; fileRef = 9CE7A75C2BE15C21008509FE /* SpinnerView.swift */; };
/* End PBXBuildFile section */

/* Begin PBXContainerItemProxy section */
		9CDFD40C2BAB3429000466B9 /* PBXContainerItemProxy */ = {
			isa = PBXContainerItemProxy;
			containerPortal = 9CDFD3F32BAB3428000466B9 /* Project object */;
			proxyType = 1;
			remoteGlobalIDString = 9CDFD3FA2BAB3428000466B9;
			remoteInfo = Vault;
		};
		9CDFD4162BAB3429000466B9 /* PBXContainerItemProxy */ = {
			isa = PBXContainerItemProxy;
			containerPortal = 9CDFD3F32BAB3428000466B9 /* Project object */;
			proxyType = 1;
			remoteGlobalIDString = 9CDFD3FA2BAB3428000466B9;
			remoteInfo = Vault;
		};
/* End PBXContainerItemProxy section */

/* Begin PBXFileReference section */
		9C2E73C22BF39635004FFFD1 /* BalanceView.swift */ = {isa = PBXFileReference; lastKnownFileType = sourcecode.swift; path = BalanceView.swift; sourceTree = "<group>"; };
		9C2E73C42BF3CB86004FFFD1 /* Background.swift */ = {isa = PBXFileReference; lastKnownFileType = sourcecode.swift; path = Background.swift; sourceTree = "<group>"; };
		9C4F45182BDE949D00D44CBE /* SecureEnclaveManager.swift */ = {isa = PBXFileReference; lastKnownFileType = sourcecode.swift; path = SecureEnclaveManager.swift; sourceTree = "<group>"; };
		9C4F451A2BDE999000D44CBE /* String+Error.swift */ = {isa = PBXFileReference; lastKnownFileType = sourcecode.swift; path = "String+Error.swift"; sourceTree = "<group>"; };
		9C4F451C2BDEEF0E00D44CBE /* Data+from.swift */ = {isa = PBXFileReference; lastKnownFileType = sourcecode.swift; path = "Data+from.swift"; sourceTree = "<group>"; };
		9C5CFDA52BC69446001776E1 /* CountryPickerView.swift */ = {isa = PBXFileReference; lastKnownFileType = sourcecode.swift; path = CountryPickerView.swift; sourceTree = "<group>"; };
		9C5CFDA72BC73DB0001776E1 /* SearchBar.swift */ = {isa = PBXFileReference; lastKnownFileType = sourcecode.swift; path = SearchBar.swift; sourceTree = "<group>"; };
		9C5CFDAD2BC828C9001776E1 /* PhoneNumberModel.swift */ = {isa = PBXFileReference; lastKnownFileType = sourcecode.swift; path = PhoneNumberModel.swift; sourceTree = "<group>"; };
		9C5CFDAF2BC828DE001776E1 /* Locale.swift */ = {isa = PBXFileReference; lastKnownFileType = sourcecode.swift; path = Locale.swift; sourceTree = "<group>"; };
		9C5CFDB12BC82C57001776E1 /* Array+indexed.swift */ = {isa = PBXFileReference; lastKnownFileType = sourcecode.swift; path = "Array+indexed.swift"; sourceTree = "<group>"; };
		9C637CD52BB09334005816B4 /* NotificationsView.swift */ = {isa = PBXFileReference; lastKnownFileType = sourcecode.swift; path = NotificationsView.swift; sourceTree = "<group>"; };
		9C637CD82BB09710005816B4 /* NotificationsManager.swift */ = {isa = PBXFileReference; lastKnownFileType = sourcecode.swift; path = NotificationsManager.swift; sourceTree = "<group>"; };
		9C637CDA2BB09C4D005816B4 /* Notification.swift */ = {isa = PBXFileReference; lastKnownFileType = sourcecode.swift; path = Notification.swift; sourceTree = "<group>"; };
		9C637CDD2BB0A564005816B4 /* AppIcon.swift */ = {isa = PBXFileReference; lastKnownFileType = sourcecode.swift; path = AppIcon.swift; sourceTree = "<group>"; };
		9C637CDF2BB0C0E5005816B4 /* Input.swift */ = {isa = PBXFileReference; lastKnownFileType = sourcecode.swift; path = Input.swift; sourceTree = "<group>"; };
		9CD1BE892BCD4F5B0077A60B /* OTPInput.swift */ = {isa = PBXFileReference; lastKnownFileType = sourcecode.swift; path = OTPInput.swift; sourceTree = "<group>"; };
		9CD1BE8B2BCD5D790077A60B /* String+character.swift */ = {isa = PBXFileReference; lastKnownFileType = sourcecode.swift; path = "String+character.swift"; sourceTree = "<group>"; };
		9CD1BE8F2BD53F7A0077A60B /* VaultService.swift */ = {isa = PBXFileReference; lastKnownFileType = sourcecode.swift; path = VaultService.swift; sourceTree = "<group>"; };
		9CD1BE952BD589AD0077A60B /* RegistrationModel.swift */ = {isa = PBXFileReference; lastKnownFileType = sourcecode.swift; path = RegistrationModel.swift; sourceTree = "<group>"; };
		9CD1BE972BD7C51A0077A60B /* PhoneNumber+Parse.swift */ = {isa = PBXFileReference; lastKnownFileType = sourcecode.swift; path = "PhoneNumber+Parse.swift"; sourceTree = "<group>"; };
		9CD390EA2BE1977E00238FE9 /* HTTPURLReponse.swift */ = {isa = PBXFileReference; lastKnownFileType = sourcecode.swift; path = HTTPURLReponse.swift; sourceTree = "<group>"; };
		9CD390EC2BE3CF5D00238FE9 /* TransferView.swift */ = {isa = PBXFileReference; lastKnownFileType = sourcecode.swift; path = TransferView.swift; sourceTree = "<group>"; };
		9CD390EE2BE5284000238FE9 /* AmountInput.swift */ = {isa = PBXFileReference; lastKnownFileType = sourcecode.swift; path = AmountInput.swift; sourceTree = "<group>"; };
		9CD390F42BE93A2400238FE9 /* Sofia Pro Medium.otf */ = {isa = PBXFileReference; lastKnownFileType = file; path = "Sofia Pro Medium.otf"; sourceTree = "<group>"; };
		9CD390F62BEA3D2A00238FE9 /* EarnView.swift */ = {isa = PBXFileReference; lastKnownFileType = sourcecode.swift; path = EarnView.swift; sourceTree = "<group>"; };
		9CD390FA2BEAB6C600238FE9 /* WebView.swift */ = {isa = PBXFileReference; lastKnownFileType = sourcecode.swift; path = WebView.swift; sourceTree = "<group>"; };
		9CD7789C2BB1846600BA4677 /* AccessCodeView.swift */ = {isa = PBXFileReference; lastKnownFileType = sourcecode.swift; path = AccessCodeView.swift; sourceTree = "<group>"; };
		9CD7789E2BB185C200BA4677 /* CelebrationView.swift */ = {isa = PBXFileReference; lastKnownFileType = sourcecode.swift; path = CelebrationView.swift; sourceTree = "<group>"; };
		9CD778A72BB2CE7D00BA4677 /* SettingsModel.swift */ = {isa = PBXFileReference; lastKnownFileType = sourcecode.swift; path = SettingsModel.swift; sourceTree = "<group>"; };
		9CD778AA2BBAF8BE00BA4677 /* HomeView.swift */ = {isa = PBXFileReference; lastKnownFileType = sourcecode.swift; path = HomeView.swift; sourceTree = "<group>"; };
		9CD778AD2BBC1A7300BA4677 /* GraphView.swift */ = {isa = PBXFileReference; lastKnownFileType = sourcecode.swift; path = GraphView.swift; sourceTree = "<group>"; };
		9CD778AF2BBC1A9C00BA4677 /* View+if.swift */ = {isa = PBXFileReference; lastKnownFileType = sourcecode.swift; path = "View+if.swift"; sourceTree = "<group>"; };
		9CD778B22BBC38F400BA4677 /* HistoricalGraph.swift */ = {isa = PBXFileReference; lastKnownFileType = sourcecode.swift; path = HistoricalGraph.swift; sourceTree = "<group>"; };
		9CD778B52BBCB0DE00BA4677 /* Constants.swift */ = {isa = PBXFileReference; lastKnownFileType = sourcecode.swift; path = Constants.swift; sourceTree = "<group>"; };
		9CD778B72BBCB2A100BA4677 /* USDCAmount.swift */ = {isa = PBXFileReference; lastKnownFileType = sourcecode.swift; path = USDCAmount.swift; sourceTree = "<group>"; };
		9CD778B92BBCB89C00BA4677 /* TransferRow.swift */ = {isa = PBXFileReference; lastKnownFileType = sourcecode.swift; path = TransferRow.swift; sourceTree = "<group>"; };
		9CD778BB2BBED06700BA4677 /* CustomTabBar.swift */ = {isa = PBXFileReference; lastKnownFileType = sourcecode.swift; path = CustomTabBar.swift; sourceTree = "<group>"; };
		9CD778BF2BBF1E5C00BA4677 /* EdgeBorder.swift */ = {isa = PBXFileReference; lastKnownFileType = sourcecode.swift; path = EdgeBorder.swift; sourceTree = "<group>"; };
		9CD778C12BBF1E9200BA4677 /* View+border.swift */ = {isa = PBXFileReference; lastKnownFileType = sourcecode.swift; path = "View+border.swift"; sourceTree = "<group>"; };
		9CD778C32BC1B63800BA4677 /* BudgetView.swift */ = {isa = PBXFileReference; lastKnownFileType = sourcecode.swift; path = BudgetView.swift; sourceTree = "<group>"; };
		9CD778C52BC1DEEA00BA4677 /* NavigationModel.swift */ = {isa = PBXFileReference; lastKnownFileType = sourcecode.swift; path = NavigationModel.swift; sourceTree = "<group>"; };
		9CD778CA2BC3113A00BA4677 /* PhoneRequestView.swift */ = {isa = PBXFileReference; lastKnownFileType = sourcecode.swift; path = PhoneRequestView.swift; sourceTree = "<group>"; };
		9CD778CC2BC3115E00BA4677 /* PhoneValidationView.swift */ = {isa = PBXFileReference; lastKnownFileType = sourcecode.swift; path = PhoneValidationView.swift; sourceTree = "<group>"; };
		9CD778D12BC4423C00BA4677 /* PhoneInput.swift */ = {isa = PBXFileReference; lastKnownFileType = sourcecode.swift; path = PhoneInput.swift; sourceTree = "<group>"; };
		9CD778D32BC4426D00BA4677 /* View+placeholder.swift */ = {isa = PBXFileReference; lastKnownFileType = sourcecode.swift; path = "View+placeholder.swift"; sourceTree = "<group>"; };
		9CDFD3FB2BAB3428000466B9 /* Vault.app */ = {isa = PBXFileReference; explicitFileType = wrapper.application; includeInIndex = 0; path = Vault.app; sourceTree = BUILT_PRODUCTS_DIR; };
		9CDFD3FE2BAB3428000466B9 /* VaultApp.swift */ = {isa = PBXFileReference; lastKnownFileType = sourcecode.swift; path = VaultApp.swift; sourceTree = "<group>"; };
		9CDFD4002BAB3428000466B9 /* ContentView.swift */ = {isa = PBXFileReference; lastKnownFileType = sourcecode.swift; path = ContentView.swift; sourceTree = "<group>"; };
		9CDFD4022BAB3429000466B9 /* Assets.xcassets */ = {isa = PBXFileReference; lastKnownFileType = folder.assetcatalog; path = Assets.xcassets; sourceTree = "<group>"; };
		9CDFD40B2BAB3429000466B9 /* VaultTests.xctest */ = {isa = PBXFileReference; explicitFileType = wrapper.cfbundle; includeInIndex = 0; path = VaultTests.xctest; sourceTree = BUILT_PRODUCTS_DIR; };
		9CDFD40F2BAB3429000466B9 /* VaultTests.swift */ = {isa = PBXFileReference; lastKnownFileType = sourcecode.swift; path = VaultTests.swift; sourceTree = "<group>"; };
		9CDFD4152BAB3429000466B9 /* VaultUITests.xctest */ = {isa = PBXFileReference; explicitFileType = wrapper.cfbundle; includeInIndex = 0; path = VaultUITests.xctest; sourceTree = BUILT_PRODUCTS_DIR; };
		9CDFD4192BAB3429000466B9 /* VaultUITests.swift */ = {isa = PBXFileReference; lastKnownFileType = sourcecode.swift; path = VaultUITests.swift; sourceTree = "<group>"; };
		9CDFD41B2BAB3429000466B9 /* VaultUITestsLaunchTests.swift */ = {isa = PBXFileReference; lastKnownFileType = sourcecode.swift; path = VaultUITestsLaunchTests.swift; sourceTree = "<group>"; };
		9CDFD42C2BAB4D1D000466B9 /* WelcomeView.swift */ = {isa = PBXFileReference; lastKnownFileType = sourcecode.swift; path = WelcomeView.swift; sourceTree = "<group>"; };
		9CDFD42E2BAB7641000466B9 /* OnboardingView.swift */ = {isa = PBXFileReference; lastKnownFileType = sourcecode.swift; path = OnboardingView.swift; sourceTree = "<group>"; };
		9CDFD4352BAB80D5000466B9 /* Vault-Info.plist */ = {isa = PBXFileReference; lastKnownFileType = text.plist; path = "Vault-Info.plist"; sourceTree = "<group>"; };
		9CDFD4372BAB8934000466B9 /* Buttons.swift */ = {isa = PBXFileReference; lastKnownFileType = sourcecode.swift; path = Buttons.swift; sourceTree = "<group>"; };
		9CDFD4392BAC4561000466B9 /* AskSurnameView.swift */ = {isa = PBXFileReference; lastKnownFileType = sourcecode.swift; path = AskSurnameView.swift; sourceTree = "<group>"; };
		9CDFD43B2BAC8BE6000466B9 /* FaceIDView.swift */ = {isa = PBXFileReference; lastKnownFileType = sourcecode.swift; path = FaceIDView.swift; sourceTree = "<group>"; };
		9CDFD43D2BAD7F12000466B9 /* Shared.swift */ = {isa = PBXFileReference; lastKnownFileType = sourcecode.swift; path = Shared.swift; sourceTree = "<group>"; };
		9CDFD43F2BAD83E7000466B9 /* ThemedText.swift */ = {isa = PBXFileReference; lastKnownFileType = sourcecode.swift; path = ThemedText.swift; sourceTree = "<group>"; };
		9CDFD4422BADA297000466B9 /* BiometricAuthManager.swift */ = {isa = PBXFileReference; lastKnownFileType = sourcecode.swift; path = BiometricAuthManager.swift; sourceTree = "<group>"; };
		9CE7A75A2BE12CBC008509FE /* Data+Hex.swift */ = {isa = PBXFileReference; lastKnownFileType = sourcecode.swift; path = "Data+Hex.swift"; sourceTree = "<group>"; };
		9CE7A75C2BE15C21008509FE /* SpinnerView.swift */ = {isa = PBXFileReference; lastKnownFileType = sourcecode.swift; path = SpinnerView.swift; sourceTree = "<group>"; };
/* End PBXFileReference section */

/* Begin PBXFrameworksBuildPhase section */
		9CDFD3F82BAB3428000466B9 /* Frameworks */ = {
			isa = PBXFrameworksBuildPhase;
			buildActionMask = 2147483647;
			files = (
				9CD778D02BC43F7400BA4677 /* PhoneNumberKit in Frameworks */,
				9CD778A32BB1939200BA4677 /* ConfettiSwiftUI in Frameworks */,
				9CE7A7572BE050C0008509FE /* Starknet in Frameworks */,
			);
			runOnlyForDeploymentPostprocessing = 0;
		};
		9CDFD4082BAB3429000466B9 /* Frameworks */ = {
			isa = PBXFrameworksBuildPhase;
			buildActionMask = 2147483647;
			files = (
			);
			runOnlyForDeploymentPostprocessing = 0;
		};
		9CDFD4122BAB3429000466B9 /* Frameworks */ = {
			isa = PBXFrameworksBuildPhase;
			buildActionMask = 2147483647;
			files = (
			);
			runOnlyForDeploymentPostprocessing = 0;
		};
/* End PBXFrameworksBuildPhase section */

/* Begin PBXGroup section */
		9C637CD72BB096F5005816B4 /* Managers */ = {
			isa = PBXGroup;
			children = (
				9CDFD4422BADA297000466B9 /* BiometricAuthManager.swift */,
				9C637CD82BB09710005816B4 /* NotificationsManager.swift */,
				9C4F45182BDE949D00D44CBE /* SecureEnclaveManager.swift */,
			);
			path = Managers;
			sourceTree = "<group>";
		};
		9C637CDC2BB0A4DA005816B4 /* Utils */ = {
			isa = PBXGroup;
			children = (
				9C637CDD2BB0A564005816B4 /* AppIcon.swift */,
				9CD778AF2BBC1A9C00BA4677 /* View+if.swift */,
				9CD778B72BBCB2A100BA4677 /* USDCAmount.swift */,
				9CD778BF2BBF1E5C00BA4677 /* EdgeBorder.swift */,
				9CD778C12BBF1E9200BA4677 /* View+border.swift */,
				9CD778D32BC4426D00BA4677 /* View+placeholder.swift */,
				9C5CFDAF2BC828DE001776E1 /* Locale.swift */,
				9C5CFDB12BC82C57001776E1 /* Array+indexed.swift */,
				9CD1BE8B2BCD5D790077A60B /* String+character.swift */,
				9CD1BE972BD7C51A0077A60B /* PhoneNumber+Parse.swift */,
				9C4F451A2BDE999000D44CBE /* String+Error.swift */,
				9C4F451C2BDEEF0E00D44CBE /* Data+from.swift */,
				9CE7A75A2BE12CBC008509FE /* Data+Hex.swift */,
				9CD390EA2BE1977E00238FE9 /* HTTPURLReponse.swift */,
			);
			path = Utils;
			sourceTree = "<group>";
		};
		9CD1BE8E2BD510420077A60B /* Services */ = {
			isa = PBXGroup;
			children = (
				9CD1BE8F2BD53F7A0077A60B /* VaultService.swift */,
			);
			path = Services;
			sourceTree = "<group>";
		};
		9CD778A12BB1939200BA4677 /* Frameworks */ = {
			isa = PBXGroup;
			children = (
			);
			name = Frameworks;
			sourceTree = "<group>";
		};
		9CD778A92BBAF89F00BA4677 /* Core */ = {
			isa = PBXGroup;
			children = (
				9CD778B12BBC38B700BA4677 /* Cards */,
				9CD778AA2BBAF8BE00BA4677 /* HomeView.swift */,
				9CD778C32BC1B63800BA4677 /* BudgetView.swift */,
				9CD390EC2BE3CF5D00238FE9 /* TransferView.swift */,
				9CD390F62BEA3D2A00238FE9 /* EarnView.swift */,
			);
			path = Core;
			sourceTree = "<group>";
		};
		9CD778B12BBC38B700BA4677 /* Cards */ = {
			isa = PBXGroup;
			children = (
				9CD778B22BBC38F400BA4677 /* HistoricalGraph.swift */,
				9CD778B92BBCB89C00BA4677 /* TransferRow.swift */,
				9C2E73C22BF39635004FFFD1 /* BalanceView.swift */,
			);
			path = Cards;
			sourceTree = "<group>";
		};
		9CD778B42BBCB0CD00BA4677 /* Constants */ = {
			isa = PBXGroup;
			children = (
				9CD778B52BBCB0DE00BA4677 /* Constants.swift */,
			);
			path = Constants;
			sourceTree = "<group>";
		};
		9CDFD3F22BAB3428000466B9 = {
			isa = PBXGroup;
			children = (
				9CDFD4352BAB80D5000466B9 /* Vault-Info.plist */,
				9CDFD3FD2BAB3428000466B9 /* App */,
				9CDFD40E2BAB3429000466B9 /* VaultTests */,
				9CDFD4182BAB3429000466B9 /* VaultUITests */,
				9CDFD3FC2BAB3428000466B9 /* Products */,
				9CD778A12BB1939200BA4677 /* Frameworks */,
			);
			sourceTree = "<group>";
		};
		9CDFD3FC2BAB3428000466B9 /* Products */ = {
			isa = PBXGroup;
			children = (
				9CDFD3FB2BAB3428000466B9 /* Vault.app */,
				9CDFD40B2BAB3429000466B9 /* VaultTests.xctest */,
				9CDFD4152BAB3429000466B9 /* VaultUITests.xctest */,
			);
			name = Products;
			sourceTree = "<group>";
		};
		9CDFD3FD2BAB3428000466B9 /* App */ = {
			isa = PBXGroup;
			children = (
				9CD1BE8E2BD510420077A60B /* Services */,
				9CD778B42BBCB0CD00BA4677 /* Constants */,
				9C637CDC2BB0A4DA005816B4 /* Utils */,
				9C637CD72BB096F5005816B4 /* Managers */,
				9CDFD4412BADA288000466B9 /* Model */,
				9CDFD4362BAB86E6000466B9 /* Components */,
				9CDFD4302BAB7F74000466B9 /* fonts */,
				9CDFD4282BAB44E8000466B9 /* Navigation */,
				9CDFD3FE2BAB3428000466B9 /* VaultApp.swift */,
				9CDFD4022BAB3429000466B9 /* Assets.xcassets */,
			);
			path = App;
			sourceTree = "<group>";
		};
		9CDFD40E2BAB3429000466B9 /* VaultTests */ = {
			isa = PBXGroup;
			children = (
				9CDFD40F2BAB3429000466B9 /* VaultTests.swift */,
			);
			path = VaultTests;
			sourceTree = "<group>";
		};
		9CDFD4182BAB3429000466B9 /* VaultUITests */ = {
			isa = PBXGroup;
			children = (
				9CDFD4192BAB3429000466B9 /* VaultUITests.swift */,
				9CDFD41B2BAB3429000466B9 /* VaultUITestsLaunchTests.swift */,
			);
			path = VaultUITests;
			sourceTree = "<group>";
		};
		9CDFD4282BAB44E8000466B9 /* Navigation */ = {
			isa = PBXGroup;
			children = (
				9CD778A92BBAF89F00BA4677 /* Core */,
				9CDFD42B2BAB4CF8000466B9 /* Onboarding */,
				9CDFD4002BAB3428000466B9 /* ContentView.swift */,
				9CD778BB2BBED06700BA4677 /* CustomTabBar.swift */,
			);
			path = Navigation;
			sourceTree = "<group>";
		};
		9CDFD42B2BAB4CF8000466B9 /* Onboarding */ = {
			isa = PBXGroup;
			children = (
				9CDFD42C2BAB4D1D000466B9 /* WelcomeView.swift */,
				9CDFD42E2BAB7641000466B9 /* OnboardingView.swift */,
				9CDFD4392BAC4561000466B9 /* AskSurnameView.swift */,
				9CD7789C2BB1846600BA4677 /* AccessCodeView.swift */,
				9CDFD43B2BAC8BE6000466B9 /* FaceIDView.swift */,
				9CDFD43D2BAD7F12000466B9 /* Shared.swift */,
				9C637CD52BB09334005816B4 /* NotificationsView.swift */,
				9CD7789E2BB185C200BA4677 /* CelebrationView.swift */,
				9CD778CA2BC3113A00BA4677 /* PhoneRequestView.swift */,
				9CD778CC2BC3115E00BA4677 /* PhoneValidationView.swift */,
			);
			path = Onboarding;
			sourceTree = "<group>";
		};
		9CDFD4302BAB7F74000466B9 /* fonts */ = {
			isa = PBXGroup;
			children = (
				9CD390F42BE93A2400238FE9 /* Sofia Pro Medium.otf */,
			);
			path = fonts;
			sourceTree = "<group>";
		};
		9CDFD4362BAB86E6000466B9 /* Components */ = {
			isa = PBXGroup;
			children = (
				9CD778AD2BBC1A7300BA4677 /* GraphView.swift */,
				9CDFD4372BAB8934000466B9 /* Buttons.swift */,
				9CDFD43F2BAD83E7000466B9 /* ThemedText.swift */,
				9C637CDA2BB09C4D005816B4 /* Notification.swift */,
				9C637CDF2BB0C0E5005816B4 /* Input.swift */,
				9C5CFDA72BC73DB0001776E1 /* SearchBar.swift */,
				9CD778D12BC4423C00BA4677 /* PhoneInput.swift */,
				9C5CFDA52BC69446001776E1 /* CountryPickerView.swift */,
				9CD1BE892BCD4F5B0077A60B /* OTPInput.swift */,
				9CE7A75C2BE15C21008509FE /* SpinnerView.swift */,
				9CD390EE2BE5284000238FE9 /* AmountInput.swift */,
				9CD390FA2BEAB6C600238FE9 /* WebView.swift */,
				9C2E73C42BF3CB86004FFFD1 /* Background.swift */,
			);
			path = Components;
			sourceTree = "<group>";
		};
		9CDFD4412BADA288000466B9 /* Model */ = {
			isa = PBXGroup;
			children = (
				9CD778C52BC1DEEA00BA4677 /* NavigationModel.swift */,
				9C5CFDAD2BC828C9001776E1 /* PhoneNumberModel.swift */,
				9CD778A72BB2CE7D00BA4677 /* SettingsModel.swift */,
				9CD1BE952BD589AD0077A60B /* RegistrationModel.swift */,
			);
			path = Model;
			sourceTree = "<group>";
		};
/* End PBXGroup section */

/* Begin PBXNativeTarget section */
		9CDFD3FA2BAB3428000466B9 /* Vault */ = {
			isa = PBXNativeTarget;
			buildConfigurationList = 9CDFD41F2BAB3429000466B9 /* Build configuration list for PBXNativeTarget "Vault" */;
			buildPhases = (
				9CDFD3F72BAB3428000466B9 /* Sources */,
				9CDFD3F82BAB3428000466B9 /* Frameworks */,
				9CDFD3F92BAB3428000466B9 /* Resources */,
			);
			buildRules = (
			);
			dependencies = (
			);
			name = Vault;
			packageProductDependencies = (
				9CD778A22BB1939200BA4677 /* ConfettiSwiftUI */,
				9CD778CF2BC43F7400BA4677 /* PhoneNumberKit */,
				9CE7A7562BE050C0008509FE /* Starknet */,
			);
			productName = Vault;
			productReference = 9CDFD3FB2BAB3428000466B9 /* Vault.app */;
			productType = "com.apple.product-type.application";
		};
		9CDFD40A2BAB3429000466B9 /* VaultTests */ = {
			isa = PBXNativeTarget;
			buildConfigurationList = 9CDFD4222BAB3429000466B9 /* Build configuration list for PBXNativeTarget "VaultTests" */;
			buildPhases = (
				9CDFD4072BAB3429000466B9 /* Sources */,
				9CDFD4082BAB3429000466B9 /* Frameworks */,
				9CDFD4092BAB3429000466B9 /* Resources */,
			);
			buildRules = (
			);
			dependencies = (
				9CDFD40D2BAB3429000466B9 /* PBXTargetDependency */,
			);
			name = VaultTests;
			productName = VaultTests;
			productReference = 9CDFD40B2BAB3429000466B9 /* VaultTests.xctest */;
			productType = "com.apple.product-type.bundle.unit-test";
		};
		9CDFD4142BAB3429000466B9 /* VaultUITests */ = {
			isa = PBXNativeTarget;
			buildConfigurationList = 9CDFD4252BAB3429000466B9 /* Build configuration list for PBXNativeTarget "VaultUITests" */;
			buildPhases = (
				9CDFD4112BAB3429000466B9 /* Sources */,
				9CDFD4122BAB3429000466B9 /* Frameworks */,
				9CDFD4132BAB3429000466B9 /* Resources */,
			);
			buildRules = (
			);
			dependencies = (
				9CDFD4172BAB3429000466B9 /* PBXTargetDependency */,
			);
			name = VaultUITests;
			productName = VaultUITests;
			productReference = 9CDFD4152BAB3429000466B9 /* VaultUITests.xctest */;
			productType = "com.apple.product-type.bundle.ui-testing";
		};
/* End PBXNativeTarget section */

/* Begin PBXProject section */
		9CDFD3F32BAB3428000466B9 /* Project object */ = {
			isa = PBXProject;
			attributes = {
				BuildIndependentTargetsInParallel = 1;
				LastSwiftUpdateCheck = 1530;
				LastUpgradeCheck = 1530;
				TargetAttributes = {
					9CDFD3FA2BAB3428000466B9 = {
						CreatedOnToolsVersion = 15.3;
					};
					9CDFD40A2BAB3429000466B9 = {
						CreatedOnToolsVersion = 15.3;
						TestTargetID = 9CDFD3FA2BAB3428000466B9;
					};
					9CDFD4142BAB3429000466B9 = {
						CreatedOnToolsVersion = 15.3;
						TestTargetID = 9CDFD3FA2BAB3428000466B9;
					};
				};
			};
			buildConfigurationList = 9CDFD3F62BAB3428000466B9 /* Build configuration list for PBXProject "Vault" */;
			compatibilityVersion = "Xcode 14.0";
			developmentRegion = en;
			hasScannedForEncodings = 0;
			knownRegions = (
				en,
				Base,
			);
			mainGroup = 9CDFD3F22BAB3428000466B9;
			packageReferences = (
				9CD778A02BB1913B00BA4677 /* XCRemoteSwiftPackageReference "ConfettiSwiftUI" */,
				9CD778CE2BC43F7400BA4677 /* XCRemoteSwiftPackageReference "PhoneNumberKit" */,
				9CE7A7552BE050C0008509FE /* XCRemoteSwiftPackageReference "starknet" */,
			);
			productRefGroup = 9CDFD3FC2BAB3428000466B9 /* Products */;
			projectDirPath = "";
			projectRoot = "";
			targets = (
				9CDFD3FA2BAB3428000466B9 /* Vault */,
				9CDFD40A2BAB3429000466B9 /* VaultTests */,
				9CDFD4142BAB3429000466B9 /* VaultUITests */,
			);
		};
/* End PBXProject section */

/* Begin PBXResourcesBuildPhase section */
		9CDFD3F92BAB3428000466B9 /* Resources */ = {
			isa = PBXResourcesBuildPhase;
			buildActionMask = 2147483647;
			files = (
				9CDFD4032BAB3429000466B9 /* Assets.xcassets in Resources */,
				9CD390F52BE93A2400238FE9 /* Sofia Pro Medium.otf in Resources */,
			);
			runOnlyForDeploymentPostprocessing = 0;
		};
		9CDFD4092BAB3429000466B9 /* Resources */ = {
			isa = PBXResourcesBuildPhase;
			buildActionMask = 2147483647;
			files = (
			);
			runOnlyForDeploymentPostprocessing = 0;
		};
		9CDFD4132BAB3429000466B9 /* Resources */ = {
			isa = PBXResourcesBuildPhase;
			buildActionMask = 2147483647;
			files = (
			);
			runOnlyForDeploymentPostprocessing = 0;
		};
/* End PBXResourcesBuildPhase section */

/* Begin PBXSourcesBuildPhase section */
		9CDFD3F72BAB3428000466B9 /* Sources */ = {
			isa = PBXSourcesBuildPhase;
			buildActionMask = 2147483647;
			files = (
				9CD390EB2BE1977E00238FE9 /* HTTPURLReponse.swift in Sources */,
				9C5CFDA62BC69446001776E1 /* CountryPickerView.swift in Sources */,
				9CD778A82BB2CE7D00BA4677 /* SettingsModel.swift in Sources */,
				9CD1BE962BD589AD0077A60B /* RegistrationModel.swift in Sources */,
				9CE7A75B2BE12CBC008509FE /* Data+Hex.swift in Sources */,
				9CD778BC2BBED06700BA4677 /* CustomTabBar.swift in Sources */,
				9C637CE02BB0C0E5005816B4 /* Input.swift in Sources */,
				9CD778B02BBC1A9C00BA4677 /* View+if.swift in Sources */,
				9C5CFDA82BC73DB0001776E1 /* SearchBar.swift in Sources */,
				9CD7789F2BB185C200BA4677 /* CelebrationView.swift in Sources */,
				9CD390FB2BEAB6C600238FE9 /* WebView.swift in Sources */,
				9CD778C22BBF1E9200BA4677 /* View+border.swift in Sources */,
				9CDFD4382BAB8934000466B9 /* Buttons.swift in Sources */,
				9CDFD4432BADA297000466B9 /* BiometricAuthManager.swift in Sources */,
				9CD778B62BBCB0DE00BA4677 /* Constants.swift in Sources */,
				9CE7A75D2BE15C21008509FE /* SpinnerView.swift in Sources */,
				9C637CD92BB09710005816B4 /* NotificationsManager.swift in Sources */,
				9C4F451D2BDEEF0E00D44CBE /* Data+from.swift in Sources */,
				9CD778D22BC4423C00BA4677 /* PhoneInput.swift in Sources */,
				9CDFD4012BAB3428000466B9 /* ContentView.swift in Sources */,
				9CD778B32BBC38F400BA4677 /* HistoricalGraph.swift in Sources */,
				9C637CDE2BB0A564005816B4 /* AppIcon.swift in Sources */,
				9CD1BE8C2BCD5D790077A60B /* String+character.swift in Sources */,
				9CD778B82BBCB2A100BA4677 /* USDCAmount.swift in Sources */,
				9C637CD62BB09334005816B4 /* NotificationsView.swift in Sources */,
				9CD778AB2BBAF8BE00BA4677 /* HomeView.swift in Sources */,
				9CD778C42BC1B63800BA4677 /* BudgetView.swift in Sources */,
				9C5CFDB02BC828DE001776E1 /* Locale.swift in Sources */,
				9CD7789D2BB1846600BA4677 /* AccessCodeView.swift in Sources */,
				9CD778CB2BC3113A00BA4677 /* PhoneRequestView.swift in Sources */,
				9CDFD42F2BAB7641000466B9 /* OnboardingView.swift in Sources */,
				9CD390F72BEA3D2A00238FE9 /* EarnView.swift in Sources */,
				9CD778CD2BC3115E00BA4677 /* PhoneValidationView.swift in Sources */,
				9C4F451B2BDE999000D44CBE /* String+Error.swift in Sources */,
				9CDFD42D2BAB4D1D000466B9 /* WelcomeView.swift in Sources */,
				9C637CDB2BB09C4D005816B4 /* Notification.swift in Sources */,
				9CDFD4402BAD83E7000466B9 /* ThemedText.swift in Sources */,
				9CD1BE8A2BCD4F5B0077A60B /* OTPInput.swift in Sources */,
				9CD778AE2BBC1A7300BA4677 /* GraphView.swift in Sources */,
				9CD778C02BBF1E5C00BA4677 /* EdgeBorder.swift in Sources */,
				9CDFD43C2BAC8BE6000466B9 /* FaceIDView.swift in Sources */,
				9C4F45192BDE949D00D44CBE /* SecureEnclaveManager.swift in Sources */,
				9CD390EF2BE5284000238FE9 /* AmountInput.swift in Sources */,
				9C2E73C52BF3CB86004FFFD1 /* Background.swift in Sources */,
				9C5CFDB22BC82C57001776E1 /* Array+indexed.swift in Sources */,
				9CD778D42BC4426D00BA4677 /* View+placeholder.swift in Sources */,
				9CDFD43A2BAC4561000466B9 /* AskSurnameView.swift in Sources */,
				9C2E73C32BF39635004FFFD1 /* BalanceView.swift in Sources */,
				9CD390ED2BE3CF5D00238FE9 /* TransferView.swift in Sources */,
				9CD778BA2BBCB89C00BA4677 /* TransferRow.swift in Sources */,
				9C5CFDAE2BC828C9001776E1 /* PhoneNumberModel.swift in Sources */,
				9CD1BE982BD7C51A0077A60B /* PhoneNumber+Parse.swift in Sources */,
				9CDFD43E2BAD7F12000466B9 /* Shared.swift in Sources */,
				9CDFD3FF2BAB3428000466B9 /* VaultApp.swift in Sources */,
				9CD1BE902BD53F7A0077A60B /* VaultService.swift in Sources */,
				9CD778C62BC1DEEA00BA4677 /* NavigationModel.swift in Sources */,
			);
			runOnlyForDeploymentPostprocessing = 0;
		};
		9CDFD4072BAB3429000466B9 /* Sources */ = {
			isa = PBXSourcesBuildPhase;
			buildActionMask = 2147483647;
			files = (
				9CDFD4102BAB3429000466B9 /* VaultTests.swift in Sources */,
			);
			runOnlyForDeploymentPostprocessing = 0;
		};
		9CDFD4112BAB3429000466B9 /* Sources */ = {
			isa = PBXSourcesBuildPhase;
			buildActionMask = 2147483647;
			files = (
				9CDFD41A2BAB3429000466B9 /* VaultUITests.swift in Sources */,
				9CDFD41C2BAB3429000466B9 /* VaultUITestsLaunchTests.swift in Sources */,
			);
			runOnlyForDeploymentPostprocessing = 0;
		};
/* End PBXSourcesBuildPhase section */

/* Begin PBXTargetDependency section */
		9CDFD40D2BAB3429000466B9 /* PBXTargetDependency */ = {
			isa = PBXTargetDependency;
			target = 9CDFD3FA2BAB3428000466B9 /* Vault */;
			targetProxy = 9CDFD40C2BAB3429000466B9 /* PBXContainerItemProxy */;
		};
		9CDFD4172BAB3429000466B9 /* PBXTargetDependency */ = {
			isa = PBXTargetDependency;
			target = 9CDFD3FA2BAB3428000466B9 /* Vault */;
			targetProxy = 9CDFD4162BAB3429000466B9 /* PBXContainerItemProxy */;
		};
/* End PBXTargetDependency section */

/* Begin XCBuildConfiguration section */
		9CD1BE912BD563710077A60B /* Debug(Staging) */ = {
			isa = XCBuildConfiguration;
			buildSettings = {
				ALWAYS_SEARCH_USER_PATHS = NO;
				ASSETCATALOG_COMPILER_GENERATE_SWIFT_ASSET_SYMBOL_EXTENSIONS = YES;
				CLANG_ANALYZER_NONNULL = YES;
				CLANG_ANALYZER_NUMBER_OBJECT_CONVERSION = YES_AGGRESSIVE;
				CLANG_CXX_LANGUAGE_STANDARD = "gnu++20";
				CLANG_ENABLE_MODULES = YES;
				CLANG_ENABLE_OBJC_ARC = YES;
				CLANG_ENABLE_OBJC_WEAK = YES;
				CLANG_WARN_BLOCK_CAPTURE_AUTORELEASING = YES;
				CLANG_WARN_BOOL_CONVERSION = YES;
				CLANG_WARN_COMMA = YES;
				CLANG_WARN_CONSTANT_CONVERSION = YES;
				CLANG_WARN_DEPRECATED_OBJC_IMPLEMENTATIONS = YES;
				CLANG_WARN_DIRECT_OBJC_ISA_USAGE = YES_ERROR;
				CLANG_WARN_DOCUMENTATION_COMMENTS = YES;
				CLANG_WARN_EMPTY_BODY = YES;
				CLANG_WARN_ENUM_CONVERSION = YES;
				CLANG_WARN_INFINITE_RECURSION = YES;
				CLANG_WARN_INT_CONVERSION = YES;
				CLANG_WARN_NON_LITERAL_NULL_CONVERSION = YES;
				CLANG_WARN_OBJC_IMPLICIT_RETAIN_SELF = YES;
				CLANG_WARN_OBJC_LITERAL_CONVERSION = YES;
				CLANG_WARN_OBJC_ROOT_CLASS = YES_ERROR;
				CLANG_WARN_QUOTED_INCLUDE_IN_FRAMEWORK_HEADER = YES;
				CLANG_WARN_RANGE_LOOP_ANALYSIS = YES;
				CLANG_WARN_STRICT_PROTOTYPES = YES;
				CLANG_WARN_SUSPICIOUS_MOVE = YES;
				CLANG_WARN_UNGUARDED_AVAILABILITY = YES_AGGRESSIVE;
				CLANG_WARN_UNREACHABLE_CODE = YES;
				CLANG_WARN__DUPLICATE_METHOD_MATCH = YES;
				COPY_PHASE_STRIP = NO;
				DEBUG_INFORMATION_FORMAT = dwarf;
				ENABLE_STRICT_OBJC_MSGSEND = YES;
				ENABLE_TESTABILITY = YES;
				ENABLE_USER_SCRIPT_SANDBOXING = YES;
				GCC_C_LANGUAGE_STANDARD = gnu17;
				GCC_DYNAMIC_NO_PIC = NO;
				GCC_NO_COMMON_BLOCKS = YES;
				GCC_OPTIMIZATION_LEVEL = 0;
				GCC_PREPROCESSOR_DEFINITIONS = (
					"DEBUG=1",
					"$(inherited)",
				);
				GCC_WARN_64_TO_32_BIT_CONVERSION = YES;
				GCC_WARN_ABOUT_RETURN_TYPE = YES_ERROR;
				GCC_WARN_UNDECLARED_SELECTOR = YES;
				GCC_WARN_UNINITIALIZED_AUTOS = YES_AGGRESSIVE;
				GCC_WARN_UNUSED_FUNCTION = YES;
				GCC_WARN_UNUSED_VARIABLE = YES;
				IPHONEOS_DEPLOYMENT_TARGET = 17.0;
				LOCALIZATION_PREFERS_STRING_CATALOGS = YES;
				MTL_ENABLE_DEBUG_INFO = INCLUDE_SOURCE;
				MTL_FAST_MATH = YES;
				ONLY_ACTIVE_ARCH = YES;
				SDKROOT = iphoneos;
				SWIFT_ACTIVE_COMPILATION_CONDITIONS = "DEBUG $(inherited)";
				SWIFT_OPTIMIZATION_LEVEL = "-Onone";
			};
			name = "Debug(Staging)";
		};
		9CD1BE922BD563710077A60B /* Debug(Staging) */ = {
			isa = XCBuildConfiguration;
			buildSettings = {
				ASSETCATALOG_COMPILER_APPICON_NAME = AppIcon;
				ASSETCATALOG_COMPILER_GLOBAL_ACCENT_COLOR_NAME = AccentColor;
				CODE_SIGN_STYLE = Automatic;
				CURRENT_PROJECT_VERSION = 1;
				DEVELOPMENT_TEAM = 9JUU34PUVC;
				ENABLE_PREVIEWS = YES;
				GENERATE_INFOPLIST_FILE = YES;
				INFOPLIST_FILE = "Vault-Info.plist";
				INFOPLIST_KEY_CFBundleDisplayName = Vault;
				INFOPLIST_KEY_LSApplicationCategoryType = "public.app-category.finance";
				INFOPLIST_KEY_NSFaceIDUsageDescription = "Authenticate to access your secure data.";
				INFOPLIST_KEY_UIApplicationSceneManifest_Generation = YES;
				INFOPLIST_KEY_UIApplicationSupportsIndirectInputEvents = YES;
				INFOPLIST_KEY_UILaunchScreen_Generation = YES;
				INFOPLIST_KEY_UIStatusBarStyle = "";
				INFOPLIST_KEY_UISupportedInterfaceOrientations = UIInterfaceOrientationPortrait;
				INFOPLIST_KEY_UISupportedInterfaceOrientations_iPad = "UIInterfaceOrientationPortrait UIInterfaceOrientationPortraitUpsideDown";
				LD_RUNPATH_SEARCH_PATHS = (
					"$(inherited)",
					"@executable_path/Frameworks",
				);
				MARKETING_VERSION = 1.0;
				PRODUCT_BUNDLE_IDENTIFIER = com.chqrles.Vault;
				PRODUCT_NAME = "$(TARGET_NAME)";
				SWIFT_EMIT_LOC_STRINGS = YES;
				SWIFT_VERSION = 5.0;
				TARGETED_DEVICE_FAMILY = "1,2";
			};
			name = "Debug(Staging)";
		};
		9CD1BE932BD563710077A60B /* Debug(Staging) */ = {
			isa = XCBuildConfiguration;
			buildSettings = {
				ALWAYS_EMBED_SWIFT_STANDARD_LIBRARIES = YES;
				BUNDLE_LOADER = "$(TEST_HOST)";
				CODE_SIGN_STYLE = Automatic;
				CURRENT_PROJECT_VERSION = 1;
				DEVELOPMENT_TEAM = 9JUU34PUVC;
				GENERATE_INFOPLIST_FILE = YES;
				IPHONEOS_DEPLOYMENT_TARGET = 17.4;
				MARKETING_VERSION = 1.0;
				PRODUCT_BUNDLE_IDENTIFIER = com.chqrles.VaultTests;
				PRODUCT_NAME = "$(TARGET_NAME)";
				SWIFT_EMIT_LOC_STRINGS = NO;
				SWIFT_VERSION = 5.0;
				TARGETED_DEVICE_FAMILY = "1,2";
				TEST_HOST = "$(BUILT_PRODUCTS_DIR)/Vault.app/$(BUNDLE_EXECUTABLE_FOLDER_PATH)/Vault";
			};
			name = "Debug(Staging)";
		};
		9CD1BE942BD563710077A60B /* Debug(Staging) */ = {
			isa = XCBuildConfiguration;
			buildSettings = {
				ALWAYS_EMBED_SWIFT_STANDARD_LIBRARIES = YES;
				CODE_SIGN_STYLE = Automatic;
				CURRENT_PROJECT_VERSION = 1;
				DEVELOPMENT_TEAM = 9JUU34PUVC;
				GENERATE_INFOPLIST_FILE = YES;
				MARKETING_VERSION = 1.0;
				PRODUCT_BUNDLE_IDENTIFIER = com.chqrles.VaultUITests;
				PRODUCT_NAME = "$(TARGET_NAME)";
				SWIFT_EMIT_LOC_STRINGS = NO;
				SWIFT_VERSION = 5.0;
				TARGETED_DEVICE_FAMILY = "1,2";
				TEST_TARGET_NAME = Vault;
			};
			name = "Debug(Staging)";
		};
		9CDFD41D2BAB3429000466B9 /* Debug(Development) */ = {
			isa = XCBuildConfiguration;
			buildSettings = {
				ALWAYS_SEARCH_USER_PATHS = NO;
				ASSETCATALOG_COMPILER_GENERATE_SWIFT_ASSET_SYMBOL_EXTENSIONS = YES;
				CLANG_ANALYZER_NONNULL = YES;
				CLANG_ANALYZER_NUMBER_OBJECT_CONVERSION = YES_AGGRESSIVE;
				CLANG_CXX_LANGUAGE_STANDARD = "gnu++20";
				CLANG_ENABLE_MODULES = YES;
				CLANG_ENABLE_OBJC_ARC = YES;
				CLANG_ENABLE_OBJC_WEAK = YES;
				CLANG_WARN_BLOCK_CAPTURE_AUTORELEASING = YES;
				CLANG_WARN_BOOL_CONVERSION = YES;
				CLANG_WARN_COMMA = YES;
				CLANG_WARN_CONSTANT_CONVERSION = YES;
				CLANG_WARN_DEPRECATED_OBJC_IMPLEMENTATIONS = YES;
				CLANG_WARN_DIRECT_OBJC_ISA_USAGE = YES_ERROR;
				CLANG_WARN_DOCUMENTATION_COMMENTS = YES;
				CLANG_WARN_EMPTY_BODY = YES;
				CLANG_WARN_ENUM_CONVERSION = YES;
				CLANG_WARN_INFINITE_RECURSION = YES;
				CLANG_WARN_INT_CONVERSION = YES;
				CLANG_WARN_NON_LITERAL_NULL_CONVERSION = YES;
				CLANG_WARN_OBJC_IMPLICIT_RETAIN_SELF = YES;
				CLANG_WARN_OBJC_LITERAL_CONVERSION = YES;
				CLANG_WARN_OBJC_ROOT_CLASS = YES_ERROR;
				CLANG_WARN_QUOTED_INCLUDE_IN_FRAMEWORK_HEADER = YES;
				CLANG_WARN_RANGE_LOOP_ANALYSIS = YES;
				CLANG_WARN_STRICT_PROTOTYPES = YES;
				CLANG_WARN_SUSPICIOUS_MOVE = YES;
				CLANG_WARN_UNGUARDED_AVAILABILITY = YES_AGGRESSIVE;
				CLANG_WARN_UNREACHABLE_CODE = YES;
				CLANG_WARN__DUPLICATE_METHOD_MATCH = YES;
				COPY_PHASE_STRIP = NO;
				DEBUG_INFORMATION_FORMAT = dwarf;
				ENABLE_STRICT_OBJC_MSGSEND = YES;
				ENABLE_TESTABILITY = YES;
				ENABLE_USER_SCRIPT_SANDBOXING = YES;
				GCC_C_LANGUAGE_STANDARD = gnu17;
				GCC_DYNAMIC_NO_PIC = NO;
				GCC_NO_COMMON_BLOCKS = YES;
				GCC_OPTIMIZATION_LEVEL = 0;
				GCC_PREPROCESSOR_DEFINITIONS = (
					"DEBUG=1",
					"$(inherited)",
				);
				GCC_WARN_64_TO_32_BIT_CONVERSION = YES;
				GCC_WARN_ABOUT_RETURN_TYPE = YES_ERROR;
				GCC_WARN_UNDECLARED_SELECTOR = YES;
				GCC_WARN_UNINITIALIZED_AUTOS = YES_AGGRESSIVE;
				GCC_WARN_UNUSED_FUNCTION = YES;
				GCC_WARN_UNUSED_VARIABLE = YES;
				IPHONEOS_DEPLOYMENT_TARGET = 17.0;
				LOCALIZATION_PREFERS_STRING_CATALOGS = YES;
				MTL_ENABLE_DEBUG_INFO = INCLUDE_SOURCE;
				MTL_FAST_MATH = YES;
				ONLY_ACTIVE_ARCH = YES;
				SDKROOT = iphoneos;
				SWIFT_ACTIVE_COMPILATION_CONDITIONS = "DEBUG $(inherited)";
				SWIFT_OPTIMIZATION_LEVEL = "-Onone";
			};
			name = "Debug(Development)";
		};
		9CDFD41E2BAB3429000466B9 /* Release */ = {
			isa = XCBuildConfiguration;
			buildSettings = {
				ALWAYS_SEARCH_USER_PATHS = NO;
				ASSETCATALOG_COMPILER_GENERATE_SWIFT_ASSET_SYMBOL_EXTENSIONS = YES;
				CLANG_ANALYZER_NONNULL = YES;
				CLANG_ANALYZER_NUMBER_OBJECT_CONVERSION = YES_AGGRESSIVE;
				CLANG_CXX_LANGUAGE_STANDARD = "gnu++20";
				CLANG_ENABLE_MODULES = YES;
				CLANG_ENABLE_OBJC_ARC = YES;
				CLANG_ENABLE_OBJC_WEAK = YES;
				CLANG_WARN_BLOCK_CAPTURE_AUTORELEASING = YES;
				CLANG_WARN_BOOL_CONVERSION = YES;
				CLANG_WARN_COMMA = YES;
				CLANG_WARN_CONSTANT_CONVERSION = YES;
				CLANG_WARN_DEPRECATED_OBJC_IMPLEMENTATIONS = YES;
				CLANG_WARN_DIRECT_OBJC_ISA_USAGE = YES_ERROR;
				CLANG_WARN_DOCUMENTATION_COMMENTS = YES;
				CLANG_WARN_EMPTY_BODY = YES;
				CLANG_WARN_ENUM_CONVERSION = YES;
				CLANG_WARN_INFINITE_RECURSION = YES;
				CLANG_WARN_INT_CONVERSION = YES;
				CLANG_WARN_NON_LITERAL_NULL_CONVERSION = YES;
				CLANG_WARN_OBJC_IMPLICIT_RETAIN_SELF = YES;
				CLANG_WARN_OBJC_LITERAL_CONVERSION = YES;
				CLANG_WARN_OBJC_ROOT_CLASS = YES_ERROR;
				CLANG_WARN_QUOTED_INCLUDE_IN_FRAMEWORK_HEADER = YES;
				CLANG_WARN_RANGE_LOOP_ANALYSIS = YES;
				CLANG_WARN_STRICT_PROTOTYPES = YES;
				CLANG_WARN_SUSPICIOUS_MOVE = YES;
				CLANG_WARN_UNGUARDED_AVAILABILITY = YES_AGGRESSIVE;
				CLANG_WARN_UNREACHABLE_CODE = YES;
				CLANG_WARN__DUPLICATE_METHOD_MATCH = YES;
				COPY_PHASE_STRIP = NO;
				DEBUG_INFORMATION_FORMAT = "dwarf-with-dsym";
				ENABLE_NS_ASSERTIONS = NO;
				ENABLE_STRICT_OBJC_MSGSEND = YES;
				ENABLE_USER_SCRIPT_SANDBOXING = YES;
				GCC_C_LANGUAGE_STANDARD = gnu17;
				GCC_NO_COMMON_BLOCKS = YES;
				GCC_WARN_64_TO_32_BIT_CONVERSION = YES;
				GCC_WARN_ABOUT_RETURN_TYPE = YES_ERROR;
				GCC_WARN_UNDECLARED_SELECTOR = YES;
				GCC_WARN_UNINITIALIZED_AUTOS = YES_AGGRESSIVE;
				GCC_WARN_UNUSED_FUNCTION = YES;
				GCC_WARN_UNUSED_VARIABLE = YES;
				IPHONEOS_DEPLOYMENT_TARGET = 17.0;
				LOCALIZATION_PREFERS_STRING_CATALOGS = YES;
				MTL_ENABLE_DEBUG_INFO = NO;
				MTL_FAST_MATH = YES;
				SDKROOT = iphoneos;
				SWIFT_COMPILATION_MODE = wholemodule;
				VALIDATE_PRODUCT = YES;
			};
			name = Release;
		};
		9CDFD4202BAB3429000466B9 /* Debug(Development) */ = {
			isa = XCBuildConfiguration;
			buildSettings = {
				ASSETCATALOG_COMPILER_APPICON_NAME = AppIcon;
				ASSETCATALOG_COMPILER_GLOBAL_ACCENT_COLOR_NAME = AccentColor;
				CODE_SIGN_STYLE = Automatic;
				CURRENT_PROJECT_VERSION = 1;
				DEVELOPMENT_TEAM = 9JUU34PUVC;
				ENABLE_PREVIEWS = YES;
				GENERATE_INFOPLIST_FILE = YES;
				INFOPLIST_FILE = "Vault-Info.plist";
				INFOPLIST_KEY_CFBundleDisplayName = Vault;
				INFOPLIST_KEY_LSApplicationCategoryType = "public.app-category.finance";
				INFOPLIST_KEY_NSFaceIDUsageDescription = "Authenticate to access your secure data.";
				INFOPLIST_KEY_UIApplicationSceneManifest_Generation = YES;
				INFOPLIST_KEY_UIApplicationSupportsIndirectInputEvents = YES;
				INFOPLIST_KEY_UILaunchScreen_Generation = YES;
				INFOPLIST_KEY_UIStatusBarStyle = "";
				INFOPLIST_KEY_UISupportedInterfaceOrientations = UIInterfaceOrientationPortrait;
				INFOPLIST_KEY_UISupportedInterfaceOrientations_iPad = "UIInterfaceOrientationPortrait UIInterfaceOrientationPortraitUpsideDown";
				LD_RUNPATH_SEARCH_PATHS = (
					"$(inherited)",
					"@executable_path/Frameworks",
				);
				MARKETING_VERSION = 1.0;
				PRODUCT_BUNDLE_IDENTIFIER = com.chqrles.Vault;
				PRODUCT_NAME = "$(TARGET_NAME)";
				SWIFT_EMIT_LOC_STRINGS = YES;
				SWIFT_VERSION = 5.0;
				TARGETED_DEVICE_FAMILY = "1,2";
			};
			name = "Debug(Development)";
		};
		9CDFD4212BAB3429000466B9 /* Release */ = {
			isa = XCBuildConfiguration;
			buildSettings = {
				ASSETCATALOG_COMPILER_APPICON_NAME = AppIcon;
				ASSETCATALOG_COMPILER_GLOBAL_ACCENT_COLOR_NAME = AccentColor;
				CODE_SIGN_STYLE = Automatic;
				CURRENT_PROJECT_VERSION = 1;
				DEVELOPMENT_TEAM = 9JUU34PUVC;
				ENABLE_PREVIEWS = YES;
				GENERATE_INFOPLIST_FILE = YES;
				INFOPLIST_FILE = "Vault-Info.plist";
				INFOPLIST_KEY_CFBundleDisplayName = Vault;
				INFOPLIST_KEY_LSApplicationCategoryType = "public.app-category.finance";
				INFOPLIST_KEY_NSFaceIDUsageDescription = "Authenticate to access your secure data.";
				INFOPLIST_KEY_UIApplicationSceneManifest_Generation = YES;
				INFOPLIST_KEY_UIApplicationSupportsIndirectInputEvents = YES;
				INFOPLIST_KEY_UILaunchScreen_Generation = YES;
				INFOPLIST_KEY_UIStatusBarStyle = "";
				INFOPLIST_KEY_UISupportedInterfaceOrientations = UIInterfaceOrientationPortrait;
				INFOPLIST_KEY_UISupportedInterfaceOrientations_iPad = "UIInterfaceOrientationPortrait UIInterfaceOrientationPortraitUpsideDown";
				LD_RUNPATH_SEARCH_PATHS = (
					"$(inherited)",
					"@executable_path/Frameworks",
				);
				MARKETING_VERSION = 1.0;
				PRODUCT_BUNDLE_IDENTIFIER = com.chqrles.Vault;
				PRODUCT_NAME = "$(TARGET_NAME)";
				SWIFT_EMIT_LOC_STRINGS = YES;
				SWIFT_VERSION = 5.0;
				TARGETED_DEVICE_FAMILY = "1,2";
			};
			name = Release;
		};
		9CDFD4232BAB3429000466B9 /* Debug(Development) */ = {
			isa = XCBuildConfiguration;
			buildSettings = {
				ALWAYS_EMBED_SWIFT_STANDARD_LIBRARIES = YES;
				BUNDLE_LOADER = "$(TEST_HOST)";
				CODE_SIGN_STYLE = Automatic;
				CURRENT_PROJECT_VERSION = 1;
				DEVELOPMENT_TEAM = 9JUU34PUVC;
				GENERATE_INFOPLIST_FILE = YES;
				IPHONEOS_DEPLOYMENT_TARGET = 17.4;
				MARKETING_VERSION = 1.0;
				PRODUCT_BUNDLE_IDENTIFIER = com.chqrles.VaultTests;
				PRODUCT_NAME = "$(TARGET_NAME)";
				SWIFT_EMIT_LOC_STRINGS = NO;
				SWIFT_VERSION = 5.0;
				TARGETED_DEVICE_FAMILY = "1,2";
				TEST_HOST = "$(BUILT_PRODUCTS_DIR)/Vault.app/$(BUNDLE_EXECUTABLE_FOLDER_PATH)/Vault";
			};
			name = "Debug(Development)";
		};
		9CDFD4242BAB3429000466B9 /* Release */ = {
			isa = XCBuildConfiguration;
			buildSettings = {
				ALWAYS_EMBED_SWIFT_STANDARD_LIBRARIES = YES;
				BUNDLE_LOADER = "$(TEST_HOST)";
				CODE_SIGN_STYLE = Automatic;
				CURRENT_PROJECT_VERSION = 1;
				DEVELOPMENT_TEAM = 9JUU34PUVC;
				GENERATE_INFOPLIST_FILE = YES;
				IPHONEOS_DEPLOYMENT_TARGET = 17.4;
				MARKETING_VERSION = 1.0;
				PRODUCT_BUNDLE_IDENTIFIER = com.chqrles.VaultTests;
				PRODUCT_NAME = "$(TARGET_NAME)";
				SWIFT_EMIT_LOC_STRINGS = NO;
				SWIFT_VERSION = 5.0;
				TARGETED_DEVICE_FAMILY = "1,2";
				TEST_HOST = "$(BUILT_PRODUCTS_DIR)/Vault.app/$(BUNDLE_EXECUTABLE_FOLDER_PATH)/Vault";
			};
			name = Release;
		};
		9CDFD4262BAB3429000466B9 /* Debug(Development) */ = {
			isa = XCBuildConfiguration;
			buildSettings = {
				ALWAYS_EMBED_SWIFT_STANDARD_LIBRARIES = YES;
				CODE_SIGN_STYLE = Automatic;
				CURRENT_PROJECT_VERSION = 1;
				DEVELOPMENT_TEAM = 9JUU34PUVC;
				GENERATE_INFOPLIST_FILE = YES;
				MARKETING_VERSION = 1.0;
				PRODUCT_BUNDLE_IDENTIFIER = com.chqrles.VaultUITests;
				PRODUCT_NAME = "$(TARGET_NAME)";
				SWIFT_EMIT_LOC_STRINGS = NO;
				SWIFT_VERSION = 5.0;
				TARGETED_DEVICE_FAMILY = "1,2";
				TEST_TARGET_NAME = Vault;
			};
			name = "Debug(Development)";
		};
		9CDFD4272BAB3429000466B9 /* Release */ = {
			isa = XCBuildConfiguration;
			buildSettings = {
				ALWAYS_EMBED_SWIFT_STANDARD_LIBRARIES = YES;
				CODE_SIGN_STYLE = Automatic;
				CURRENT_PROJECT_VERSION = 1;
				DEVELOPMENT_TEAM = 9JUU34PUVC;
				GENERATE_INFOPLIST_FILE = YES;
				MARKETING_VERSION = 1.0;
				PRODUCT_BUNDLE_IDENTIFIER = com.chqrles.VaultUITests;
				PRODUCT_NAME = "$(TARGET_NAME)";
				SWIFT_EMIT_LOC_STRINGS = NO;
				SWIFT_VERSION = 5.0;
				TARGETED_DEVICE_FAMILY = "1,2";
				TEST_TARGET_NAME = Vault;
			};
			name = Release;
		};
/* End XCBuildConfiguration section */

/* Begin XCConfigurationList section */
		9CDFD3F62BAB3428000466B9 /* Build configuration list for PBXProject "Vault" */ = {
			isa = XCConfigurationList;
			buildConfigurations = (
				9CDFD41D2BAB3429000466B9 /* Debug(Development) */,
				9CD1BE912BD563710077A60B /* Debug(Staging) */,
				9CDFD41E2BAB3429000466B9 /* Release */,
			);
			defaultConfigurationIsVisible = 0;
			defaultConfigurationName = Release;
		};
		9CDFD41F2BAB3429000466B9 /* Build configuration list for PBXNativeTarget "Vault" */ = {
			isa = XCConfigurationList;
			buildConfigurations = (
				9CDFD4202BAB3429000466B9 /* Debug(Development) */,
				9CD1BE922BD563710077A60B /* Debug(Staging) */,
				9CDFD4212BAB3429000466B9 /* Release */,
			);
			defaultConfigurationIsVisible = 0;
			defaultConfigurationName = Release;
		};
		9CDFD4222BAB3429000466B9 /* Build configuration list for PBXNativeTarget "VaultTests" */ = {
			isa = XCConfigurationList;
			buildConfigurations = (
				9CDFD4232BAB3429000466B9 /* Debug(Development) */,
				9CD1BE932BD563710077A60B /* Debug(Staging) */,
				9CDFD4242BAB3429000466B9 /* Release */,
			);
			defaultConfigurationIsVisible = 0;
			defaultConfigurationName = Release;
		};
		9CDFD4252BAB3429000466B9 /* Build configuration list for PBXNativeTarget "VaultUITests" */ = {
			isa = XCConfigurationList;
			buildConfigurations = (
				9CDFD4262BAB3429000466B9 /* Debug(Development) */,
				9CD1BE942BD563710077A60B /* Debug(Staging) */,
				9CDFD4272BAB3429000466B9 /* Release */,
			);
			defaultConfigurationIsVisible = 0;
			defaultConfigurationName = Release;
		};
/* End XCConfigurationList section */

/* Begin XCRemoteSwiftPackageReference section */
		9CD778A02BB1913B00BA4677 /* XCRemoteSwiftPackageReference "ConfettiSwiftUI" */ = {
			isa = XCRemoteSwiftPackageReference;
			repositoryURL = "https://github.com/simibac/ConfettiSwiftUI.git";
			requirement = {
				kind = upToNextMajorVersion;
				minimumVersion = 1.1.0;
			};
		};
		9CD778CE2BC43F7400BA4677 /* XCRemoteSwiftPackageReference "PhoneNumberKit" */ = {
			isa = XCRemoteSwiftPackageReference;
			repositoryURL = "https://github.com/marmelroy/PhoneNumberKit";
			requirement = {
				kind = upToNextMajorVersion;
				minimumVersion = 3.7.10;
			};
		};
		9CE7A7552BE050C0008509FE /* XCRemoteSwiftPackageReference "starknet" */ = {
			isa = XCRemoteSwiftPackageReference;
			repositoryURL = "https://github.com/software-mansion/starknet.swift";
			requirement = {
				branch = main;
				kind = branch;
			};
		};
/* End XCRemoteSwiftPackageReference section */

/* Begin XCSwiftPackageProductDependency section */
		9CD778A22BB1939200BA4677 /* ConfettiSwiftUI */ = {
			isa = XCSwiftPackageProductDependency;
			package = 9CD778A02BB1913B00BA4677 /* XCRemoteSwiftPackageReference "ConfettiSwiftUI" */;
			productName = ConfettiSwiftUI;
		};
		9CD778CF2BC43F7400BA4677 /* PhoneNumberKit */ = {
			isa = XCSwiftPackageProductDependency;
			package = 9CD778CE2BC43F7400BA4677 /* XCRemoteSwiftPackageReference "PhoneNumberKit" */;
			productName = PhoneNumberKit;
		};
		9CE7A7562BE050C0008509FE /* Starknet */ = {
			isa = XCSwiftPackageProductDependency;
			package = 9CE7A7552BE050C0008509FE /* XCRemoteSwiftPackageReference "starknet" */;
			productName = Starknet;
		};
/* End XCSwiftPackageProductDependency section */
	};
	rootObject = 9CDFD3F32BAB3428000466B9 /* Project object */;
}
