// !$*UTF8*$!
{
	archiveVersion = 1;
	classes = {
	};
	objectVersion = 56;
	objects = {

/* Begin PBXBuildFile section */
		9C637CD62BB09334005816B4 /* NotificationsView.swift in Sources */ = {isa = PBXBuildFile; fileRef = 9C637CD52BB09334005816B4 /* NotificationsView.swift */; };
		9C637CD92BB09710005816B4 /* NotificationsManager.swift in Sources */ = {isa = PBXBuildFile; fileRef = 9C637CD82BB09710005816B4 /* NotificationsManager.swift */; };
		9C637CDB2BB09C4D005816B4 /* Notification.swift in Sources */ = {isa = PBXBuildFile; fileRef = 9C637CDA2BB09C4D005816B4 /* Notification.swift */; };
		9C637CDE2BB0A564005816B4 /* AppIcon.swift in Sources */ = {isa = PBXBuildFile; fileRef = 9C637CDD2BB0A564005816B4 /* AppIcon.swift */; };
		9C637CE02BB0C0E5005816B4 /* Input.swift in Sources */ = {isa = PBXBuildFile; fileRef = 9C637CDF2BB0C0E5005816B4 /* Input.swift */; };
		9CD7789D2BB1846600BA4677 /* AccessCodeView.swift in Sources */ = {isa = PBXBuildFile; fileRef = 9CD7789C2BB1846600BA4677 /* AccessCodeView.swift */; };
		9CD7789F2BB185C200BA4677 /* CelebrationView.swift in Sources */ = {isa = PBXBuildFile; fileRef = 9CD7789E2BB185C200BA4677 /* CelebrationView.swift */; };
		9CD778A32BB1939200BA4677 /* ConfettiSwiftUI in Frameworks */ = {isa = PBXBuildFile; productRef = 9CD778A22BB1939200BA4677 /* ConfettiSwiftUI */; };
		9CD778A82BB2CE7D00BA4677 /* SettingsModel.swift in Sources */ = {isa = PBXBuildFile; fileRef = 9CD778A72BB2CE7D00BA4677 /* SettingsModel.swift */; };
		9CDFD3FF2BAB3428000466B9 /* VaultApp.swift in Sources */ = {isa = PBXBuildFile; fileRef = 9CDFD3FE2BAB3428000466B9 /* VaultApp.swift */; };
		9CDFD4012BAB3428000466B9 /* ContentView.swift in Sources */ = {isa = PBXBuildFile; fileRef = 9CDFD4002BAB3428000466B9 /* ContentView.swift */; };
		9CDFD4032BAB3429000466B9 /* Assets.xcassets in Resources */ = {isa = PBXBuildFile; fileRef = 9CDFD4022BAB3429000466B9 /* Assets.xcassets */; };
		9CDFD4102BAB3429000466B9 /* VaultTests.swift in Sources */ = {isa = PBXBuildFile; fileRef = 9CDFD40F2BAB3429000466B9 /* VaultTests.swift */; };
		9CDFD41A2BAB3429000466B9 /* VaultUITests.swift in Sources */ = {isa = PBXBuildFile; fileRef = 9CDFD4192BAB3429000466B9 /* VaultUITests.swift */; };
		9CDFD41C2BAB3429000466B9 /* VaultUITestsLaunchTests.swift in Sources */ = {isa = PBXBuildFile; fileRef = 9CDFD41B2BAB3429000466B9 /* VaultUITestsLaunchTests.swift */; };
		9CDFD42D2BAB4D1D000466B9 /* WelcomeView.swift in Sources */ = {isa = PBXBuildFile; fileRef = 9CDFD42C2BAB4D1D000466B9 /* WelcomeView.swift */; };
		9CDFD42F2BAB7641000466B9 /* OnboardingView.swift in Sources */ = {isa = PBXBuildFile; fileRef = 9CDFD42E2BAB7641000466B9 /* OnboardingView.swift */; };
		9CDFD4322BAB7FA9000466B9 /* Montserrat.ttf in Resources */ = {isa = PBXBuildFile; fileRef = 9CDFD4312BAB7FA9000466B9 /* Montserrat.ttf */; };
		9CDFD4382BAB8934000466B9 /* Buttons.swift in Sources */ = {isa = PBXBuildFile; fileRef = 9CDFD4372BAB8934000466B9 /* Buttons.swift */; };
		9CDFD43A2BAC4561000466B9 /* AskSurnameView.swift in Sources */ = {isa = PBXBuildFile; fileRef = 9CDFD4392BAC4561000466B9 /* AskSurnameView.swift */; };
		9CDFD43C2BAC8BE6000466B9 /* FaceIDView.swift in Sources */ = {isa = PBXBuildFile; fileRef = 9CDFD43B2BAC8BE6000466B9 /* FaceIDView.swift */; };
		9CDFD43E2BAD7F12000466B9 /* Shared.swift in Sources */ = {isa = PBXBuildFile; fileRef = 9CDFD43D2BAD7F12000466B9 /* Shared.swift */; };
		9CDFD4402BAD83E7000466B9 /* ThemedText.swift in Sources */ = {isa = PBXBuildFile; fileRef = 9CDFD43F2BAD83E7000466B9 /* ThemedText.swift */; };
		9CDFD4432BADA297000466B9 /* BiometricAuthManager.swift in Sources */ = {isa = PBXBuildFile; fileRef = 9CDFD4422BADA297000466B9 /* BiometricAuthManager.swift */; };
/* End PBXBuildFile section */

/* Begin PBXContainerItemProxy section */
		9CDFD40C2BAB3429000466B9 /* PBXContainerItemProxy */ = {
			isa = PBXContainerItemProxy;
			containerPortal = 9CDFD3F32BAB3428000466B9 /* Project object */;
			proxyType = 1;
			remoteGlobalIDString = 9CDFD3FA2BAB3428000466B9;
			remoteInfo = Vault;
		};
		9CDFD4162BAB3429000466B9 /* PBXContainerItemProxy */ = {
			isa = PBXContainerItemProxy;
			containerPortal = 9CDFD3F32BAB3428000466B9 /* Project object */;
			proxyType = 1;
			remoteGlobalIDString = 9CDFD3FA2BAB3428000466B9;
			remoteInfo = Vault;
		};
/* End PBXContainerItemProxy section */

/* Begin PBXFileReference section */
		9C637CD52BB09334005816B4 /* NotificationsView.swift */ = {isa = PBXFileReference; lastKnownFileType = sourcecode.swift; path = NotificationsView.swift; sourceTree = "<group>"; };
		9C637CD82BB09710005816B4 /* NotificationsManager.swift */ = {isa = PBXFileReference; lastKnownFileType = sourcecode.swift; path = NotificationsManager.swift; sourceTree = "<group>"; };
		9C637CDA2BB09C4D005816B4 /* Notification.swift */ = {isa = PBXFileReference; lastKnownFileType = sourcecode.swift; path = Notification.swift; sourceTree = "<group>"; };
		9C637CDD2BB0A564005816B4 /* AppIcon.swift */ = {isa = PBXFileReference; lastKnownFileType = sourcecode.swift; path = AppIcon.swift; sourceTree = "<group>"; };
		9C637CDF2BB0C0E5005816B4 /* Input.swift */ = {isa = PBXFileReference; lastKnownFileType = sourcecode.swift; path = Input.swift; sourceTree = "<group>"; };
		9CD7789C2BB1846600BA4677 /* AccessCodeView.swift */ = {isa = PBXFileReference; lastKnownFileType = sourcecode.swift; path = AccessCodeView.swift; sourceTree = "<group>"; };
		9CD7789E2BB185C200BA4677 /* CelebrationView.swift */ = {isa = PBXFileReference; lastKnownFileType = sourcecode.swift; path = CelebrationView.swift; sourceTree = "<group>"; };
		9CD778A72BB2CE7D00BA4677 /* SettingsModel.swift */ = {isa = PBXFileReference; lastKnownFileType = sourcecode.swift; path = SettingsModel.swift; sourceTree = "<group>"; };
		9CDFD3FB2BAB3428000466B9 /* Vault.app */ = {isa = PBXFileReference; explicitFileType = wrapper.application; includeInIndex = 0; path = Vault.app; sourceTree = BUILT_PRODUCTS_DIR; };
		9CDFD3FE2BAB3428000466B9 /* VaultApp.swift */ = {isa = PBXFileReference; lastKnownFileType = sourcecode.swift; path = VaultApp.swift; sourceTree = "<group>"; };
		9CDFD4002BAB3428000466B9 /* ContentView.swift */ = {isa = PBXFileReference; lastKnownFileType = sourcecode.swift; path = ContentView.swift; sourceTree = "<group>"; };
		9CDFD4022BAB3429000466B9 /* Assets.xcassets */ = {isa = PBXFileReference; lastKnownFileType = folder.assetcatalog; path = Assets.xcassets; sourceTree = "<group>"; };
		9CDFD40B2BAB3429000466B9 /* VaultTests.xctest */ = {isa = PBXFileReference; explicitFileType = wrapper.cfbundle; includeInIndex = 0; path = VaultTests.xctest; sourceTree = BUILT_PRODUCTS_DIR; };
		9CDFD40F2BAB3429000466B9 /* VaultTests.swift */ = {isa = PBXFileReference; lastKnownFileType = sourcecode.swift; path = VaultTests.swift; sourceTree = "<group>"; };
		9CDFD4152BAB3429000466B9 /* VaultUITests.xctest */ = {isa = PBXFileReference; explicitFileType = wrapper.cfbundle; includeInIndex = 0; path = VaultUITests.xctest; sourceTree = BUILT_PRODUCTS_DIR; };
		9CDFD4192BAB3429000466B9 /* VaultUITests.swift */ = {isa = PBXFileReference; lastKnownFileType = sourcecode.swift; path = VaultUITests.swift; sourceTree = "<group>"; };
		9CDFD41B2BAB3429000466B9 /* VaultUITestsLaunchTests.swift */ = {isa = PBXFileReference; lastKnownFileType = sourcecode.swift; path = VaultUITestsLaunchTests.swift; sourceTree = "<group>"; };
		9CDFD42C2BAB4D1D000466B9 /* WelcomeView.swift */ = {isa = PBXFileReference; lastKnownFileType = sourcecode.swift; path = WelcomeView.swift; sourceTree = "<group>"; };
		9CDFD42E2BAB7641000466B9 /* OnboardingView.swift */ = {isa = PBXFileReference; lastKnownFileType = sourcecode.swift; path = OnboardingView.swift; sourceTree = "<group>"; };
		9CDFD4312BAB7FA9000466B9 /* Montserrat.ttf */ = {isa = PBXFileReference; lastKnownFileType = file; path = Montserrat.ttf; sourceTree = "<group>"; };
		9CDFD4352BAB80D5000466B9 /* Vault-Info.plist */ = {isa = PBXFileReference; lastKnownFileType = text.plist; path = "Vault-Info.plist"; sourceTree = "<group>"; };
		9CDFD4372BAB8934000466B9 /* Buttons.swift */ = {isa = PBXFileReference; lastKnownFileType = sourcecode.swift; path = Buttons.swift; sourceTree = "<group>"; };
		9CDFD4392BAC4561000466B9 /* AskSurnameView.swift */ = {isa = PBXFileReference; lastKnownFileType = sourcecode.swift; path = AskSurnameView.swift; sourceTree = "<group>"; };
		9CDFD43B2BAC8BE6000466B9 /* FaceIDView.swift */ = {isa = PBXFileReference; lastKnownFileType = sourcecode.swift; path = FaceIDView.swift; sourceTree = "<group>"; };
		9CDFD43D2BAD7F12000466B9 /* Shared.swift */ = {isa = PBXFileReference; lastKnownFileType = sourcecode.swift; path = Shared.swift; sourceTree = "<group>"; };
		9CDFD43F2BAD83E7000466B9 /* ThemedText.swift */ = {isa = PBXFileReference; lastKnownFileType = sourcecode.swift; path = ThemedText.swift; sourceTree = "<group>"; };
		9CDFD4422BADA297000466B9 /* BiometricAuthManager.swift */ = {isa = PBXFileReference; lastKnownFileType = sourcecode.swift; path = BiometricAuthManager.swift; sourceTree = "<group>"; };
/* End PBXFileReference section */

/* Begin PBXFrameworksBuildPhase section */
		9CDFD3F82BAB3428000466B9 /* Frameworks */ = {
			isa = PBXFrameworksBuildPhase;
			buildActionMask = 2147483647;
			files = (
				9CD778A32BB1939200BA4677 /* ConfettiSwiftUI in Frameworks */,
			);
			runOnlyForDeploymentPostprocessing = 0;
		};
		9CDFD4082BAB3429000466B9 /* Frameworks */ = {
			isa = PBXFrameworksBuildPhase;
			buildActionMask = 2147483647;
			files = (
			);
			runOnlyForDeploymentPostprocessing = 0;
		};
		9CDFD4122BAB3429000466B9 /* Frameworks */ = {
			isa = PBXFrameworksBuildPhase;
			buildActionMask = 2147483647;
			files = (
			);
			runOnlyForDeploymentPostprocessing = 0;
		};
/* End PBXFrameworksBuildPhase section */

/* Begin PBXGroup section */
		9C637CD72BB096F5005816B4 /* Managers */ = {
			isa = PBXGroup;
			children = (
				9CDFD4422BADA297000466B9 /* BiometricAuthManager.swift */,
				9C637CD82BB09710005816B4 /* NotificationsManager.swift */,
			);
			path = Managers;
			sourceTree = "<group>";
		};
		9C637CDC2BB0A4DA005816B4 /* Utils */ = {
			isa = PBXGroup;
			children = (
				9C637CDD2BB0A564005816B4 /* AppIcon.swift */,
			);
			path = Utils;
			sourceTree = "<group>";
		};
		9CD778A12BB1939200BA4677 /* Frameworks */ = {
			isa = PBXGroup;
			children = (
			);
			name = Frameworks;
			sourceTree = "<group>";
		};
		9CDFD3F22BAB3428000466B9 = {
			isa = PBXGroup;
			children = (
				9CDFD4352BAB80D5000466B9 /* Vault-Info.plist */,
				9CDFD3FD2BAB3428000466B9 /* App */,
				9CDFD40E2BAB3429000466B9 /* VaultTests */,
				9CDFD4182BAB3429000466B9 /* VaultUITests */,
				9CDFD3FC2BAB3428000466B9 /* Products */,
				9CD778A12BB1939200BA4677 /* Frameworks */,
			);
			sourceTree = "<group>";
		};
		9CDFD3FC2BAB3428000466B9 /* Products */ = {
			isa = PBXGroup;
			children = (
				9CDFD3FB2BAB3428000466B9 /* Vault.app */,
				9CDFD40B2BAB3429000466B9 /* VaultTests.xctest */,
				9CDFD4152BAB3429000466B9 /* VaultUITests.xctest */,
			);
			name = Products;
			sourceTree = "<group>";
		};
		9CDFD3FD2BAB3428000466B9 /* App */ = {
			isa = PBXGroup;
			children = (
				9C637CDC2BB0A4DA005816B4 /* Utils */,
				9C637CD72BB096F5005816B4 /* Managers */,
				9CDFD4412BADA288000466B9 /* Model */,
				9CDFD4362BAB86E6000466B9 /* Components */,
				9CDFD4302BAB7F74000466B9 /* fonts */,
				9CDFD42B2BAB4CF8000466B9 /* Onboarding */,
				9CDFD4282BAB44E8000466B9 /* Navigation */,
				9CDFD3FE2BAB3428000466B9 /* VaultApp.swift */,
				9CDFD4022BAB3429000466B9 /* Assets.xcassets */,
			);
			path = App;
			sourceTree = "<group>";
		};
		9CDFD40E2BAB3429000466B9 /* VaultTests */ = {
			isa = PBXGroup;
			children = (
				9CDFD40F2BAB3429000466B9 /* VaultTests.swift */,
			);
			path = VaultTests;
			sourceTree = "<group>";
		};
		9CDFD4182BAB3429000466B9 /* VaultUITests */ = {
			isa = PBXGroup;
			children = (
				9CDFD4192BAB3429000466B9 /* VaultUITests.swift */,
				9CDFD41B2BAB3429000466B9 /* VaultUITestsLaunchTests.swift */,
			);
			path = VaultUITests;
			sourceTree = "<group>";
		};
		9CDFD4282BAB44E8000466B9 /* Navigation */ = {
			isa = PBXGroup;
			children = (
				9CDFD4002BAB3428000466B9 /* ContentView.swift */,
			);
			path = Navigation;
			sourceTree = "<group>";
		};
		9CDFD42B2BAB4CF8000466B9 /* Onboarding */ = {
			isa = PBXGroup;
			children = (
				9CDFD42C2BAB4D1D000466B9 /* WelcomeView.swift */,
				9CDFD42E2BAB7641000466B9 /* OnboardingView.swift */,
				9CDFD4392BAC4561000466B9 /* AskSurnameView.swift */,
				9CD7789C2BB1846600BA4677 /* AccessCodeView.swift */,
				9CDFD43B2BAC8BE6000466B9 /* FaceIDView.swift */,
				9CDFD43D2BAD7F12000466B9 /* Shared.swift */,
				9C637CD52BB09334005816B4 /* NotificationsView.swift */,
				9CD7789E2BB185C200BA4677 /* CelebrationView.swift */,
			);
			path = Onboarding;
			sourceTree = "<group>";
		};
		9CDFD4302BAB7F74000466B9 /* fonts */ = {
			isa = PBXGroup;
			children = (
				9CDFD4312BAB7FA9000466B9 /* Montserrat.ttf */,
			);
			path = fonts;
			sourceTree = "<group>";
		};
		9CDFD4362BAB86E6000466B9 /* Components */ = {
			isa = PBXGroup;
			children = (
				9CDFD4372BAB8934000466B9 /* Buttons.swift */,
				9CDFD43F2BAD83E7000466B9 /* ThemedText.swift */,
				9C637CDA2BB09C4D005816B4 /* Notification.swift */,
				9C637CDF2BB0C0E5005816B4 /* Input.swift */,
			);
			path = Components;
			sourceTree = "<group>";
		};
		9CDFD4412BADA288000466B9 /* Model */ = {
			isa = PBXGroup;
			children = (
				9CD778A72BB2CE7D00BA4677 /* SettingsModel.swift */,
			);
			path = Model;
			sourceTree = "<group>";
		};
/* End PBXGroup section */

/* Begin PBXNativeTarget section */
		9CDFD3FA2BAB3428000466B9 /* Vault */ = {
			isa = PBXNativeTarget;
			buildConfigurationList = 9CDFD41F2BAB3429000466B9 /* Build configuration list for PBXNativeTarget "Vault" */;
			buildPhases = (
				9CDFD3F72BAB3428000466B9 /* Sources */,
				9CDFD3F82BAB3428000466B9 /* Frameworks */,
				9CDFD3F92BAB3428000466B9 /* Resources */,
			);
			buildRules = (
			);
			dependencies = (
			);
			name = Vault;
			packageProductDependencies = (
				9CD778A22BB1939200BA4677 /* ConfettiSwiftUI */,
			);
			productName = Vault;
			productReference = 9CDFD3FB2BAB3428000466B9 /* Vault.app */;
			productType = "com.apple.product-type.application";
		};
		9CDFD40A2BAB3429000466B9 /* VaultTests */ = {
			isa = PBXNativeTarget;
			buildConfigurationList = 9CDFD4222BAB3429000466B9 /* Build configuration list for PBXNativeTarget "VaultTests" */;
			buildPhases = (
				9CDFD4072BAB3429000466B9 /* Sources */,
				9CDFD4082BAB3429000466B9 /* Frameworks */,
				9CDFD4092BAB3429000466B9 /* Resources */,
			);
			buildRules = (
			);
			dependencies = (
				9CDFD40D2BAB3429000466B9 /* PBXTargetDependency */,
			);
			name = VaultTests;
			productName = VaultTests;
			productReference = 9CDFD40B2BAB3429000466B9 /* VaultTests.xctest */;
			productType = "com.apple.product-type.bundle.unit-test";
		};
		9CDFD4142BAB3429000466B9 /* VaultUITests */ = {
			isa = PBXNativeTarget;
			buildConfigurationList = 9CDFD4252BAB3429000466B9 /* Build configuration list for PBXNativeTarget "VaultUITests" */;
			buildPhases = (
				9CDFD4112BAB3429000466B9 /* Sources */,
				9CDFD4122BAB3429000466B9 /* Frameworks */,
				9CDFD4132BAB3429000466B9 /* Resources */,
			);
			buildRules = (
			);
			dependencies = (
				9CDFD4172BAB3429000466B9 /* PBXTargetDependency */,
			);
			name = VaultUITests;
			productName = VaultUITests;
			productReference = 9CDFD4152BAB3429000466B9 /* VaultUITests.xctest */;
			productType = "com.apple.product-type.bundle.ui-testing";
		};
/* End PBXNativeTarget section */

/* Begin PBXProject section */
		9CDFD3F32BAB3428000466B9 /* Project object */ = {
			isa = PBXProject;
			attributes = {
				BuildIndependentTargetsInParallel = 1;
				LastSwiftUpdateCheck = 1530;
				LastUpgradeCheck = 1530;
				TargetAttributes = {
					9CDFD3FA2BAB3428000466B9 = {
						CreatedOnToolsVersion = 15.3;
					};
					9CDFD40A2BAB3429000466B9 = {
						CreatedOnToolsVersion = 15.3;
						TestTargetID = 9CDFD3FA2BAB3428000466B9;
					};
					9CDFD4142BAB3429000466B9 = {
						CreatedOnToolsVersion = 15.3;
						TestTargetID = 9CDFD3FA2BAB3428000466B9;
					};
				};
			};
			buildConfigurationList = 9CDFD3F62BAB3428000466B9 /* Build configuration list for PBXProject "Vault" */;
			compatibilityVersion = "Xcode 14.0";
			developmentRegion = en;
			hasScannedForEncodings = 0;
			knownRegions = (
				en,
				Base,
			);
			mainGroup = 9CDFD3F22BAB3428000466B9;
			packageReferences = (
				9CD778A02BB1913B00BA4677 /* XCRemoteSwiftPackageReference "ConfettiSwiftUI" */,
			);
			productRefGroup = 9CDFD3FC2BAB3428000466B9 /* Products */;
			projectDirPath = "";
			projectRoot = "";
			targets = (
				9CDFD3FA2BAB3428000466B9 /* Vault */,
				9CDFD40A2BAB3429000466B9 /* VaultTests */,
				9CDFD4142BAB3429000466B9 /* VaultUITests */,
			);
		};
/* End PBXProject section */

/* Begin PBXResourcesBuildPhase section */
		9CDFD3F92BAB3428000466B9 /* Resources */ = {
			isa = PBXResourcesBuildPhase;
			buildActionMask = 2147483647;
			files = (
				9CDFD4322BAB7FA9000466B9 /* Montserrat.ttf in Resources */,
				9CDFD4032BAB3429000466B9 /* Assets.xcassets in Resources */,
			);
			runOnlyForDeploymentPostprocessing = 0;
		};
		9CDFD4092BAB3429000466B9 /* Resources */ = {
			isa = PBXResourcesBuildPhase;
			buildActionMask = 2147483647;
			files = (
			);
			runOnlyForDeploymentPostprocessing = 0;
		};
		9CDFD4132BAB3429000466B9 /* Resources */ = {
			isa = PBXResourcesBuildPhase;
			buildActionMask = 2147483647;
			files = (
			);
			runOnlyForDeploymentPostprocessing = 0;
		};
/* End PBXResourcesBuildPhase section */

/* Begin PBXSourcesBuildPhase section */
		9CDFD3F72BAB3428000466B9 /* Sources */ = {
			isa = PBXSourcesBuildPhase;
			buildActionMask = 2147483647;
			files = (
				9CD778A82BB2CE7D00BA4677 /* SettingsModel.swift in Sources */,
				9C637CE02BB0C0E5005816B4 /* Input.swift in Sources */,
				9CD7789F2BB185C200BA4677 /* CelebrationView.swift in Sources */,
				9CDFD4382BAB8934000466B9 /* Buttons.swift in Sources */,
				9CDFD4432BADA297000466B9 /* BiometricAuthManager.swift in Sources */,
				9C637CD92BB09710005816B4 /* NotificationsManager.swift in Sources */,
				9CDFD4012BAB3428000466B9 /* ContentView.swift in Sources */,
				9C637CDE2BB0A564005816B4 /* AppIcon.swift in Sources */,
				9C637CD62BB09334005816B4 /* NotificationsView.swift in Sources */,
				9CD7789D2BB1846600BA4677 /* AccessCodeView.swift in Sources */,
				9CDFD42F2BAB7641000466B9 /* OnboardingView.swift in Sources */,
				9CDFD42D2BAB4D1D000466B9 /* WelcomeView.swift in Sources */,
				9C637CDB2BB09C4D005816B4 /* Notification.swift in Sources */,
				9CDFD4402BAD83E7000466B9 /* ThemedText.swift in Sources */,
				9CDFD43C2BAC8BE6000466B9 /* FaceIDView.swift in Sources */,
				9CDFD43A2BAC4561000466B9 /* AskSurnameView.swift in Sources */,
				9CDFD43E2BAD7F12000466B9 /* Shared.swift in Sources */,
				9CDFD3FF2BAB3428000466B9 /* VaultApp.swift in Sources */,
			);
			runOnlyForDeploymentPostprocessing = 0;
		};
		9CDFD4072BAB3429000466B9 /* Sources */ = {
			isa = PBXSourcesBuildPhase;
			buildActionMask = 2147483647;
			files = (
				9CDFD4102BAB3429000466B9 /* VaultTests.swift in Sources */,
			);
			runOnlyForDeploymentPostprocessing = 0;
		};
		9CDFD4112BAB3429000466B9 /* Sources */ = {
			isa = PBXSourcesBuildPhase;
			buildActionMask = 2147483647;
			files = (
				9CDFD41A2BAB3429000466B9 /* VaultUITests.swift in Sources */,
				9CDFD41C2BAB3429000466B9 /* VaultUITestsLaunchTests.swift in Sources */,
			);
			runOnlyForDeploymentPostprocessing = 0;
		};
/* End PBXSourcesBuildPhase section */

/* Begin PBXTargetDependency section */
		9CDFD40D2BAB3429000466B9 /* PBXTargetDependency */ = {
			isa = PBXTargetDependency;
			target = 9CDFD3FA2BAB3428000466B9 /* Vault */;
			targetProxy = 9CDFD40C2BAB3429000466B9 /* PBXContainerItemProxy */;
		};
		9CDFD4172BAB3429000466B9 /* PBXTargetDependency */ = {
			isa = PBXTargetDependency;
			target = 9CDFD3FA2BAB3428000466B9 /* Vault */;
			targetProxy = 9CDFD4162BAB3429000466B9 /* PBXContainerItemProxy */;
		};
/* End PBXTargetDependency section */

/* Begin XCBuildConfiguration section */
		9CDFD41D2BAB3429000466B9 /* Debug */ = {
			isa = XCBuildConfiguration;
			buildSettings = {
				ALWAYS_SEARCH_USER_PATHS = NO;
				ASSETCATALOG_COMPILER_GENERATE_SWIFT_ASSET_SYMBOL_EXTENSIONS = YES;
				CLANG_ANALYZER_NONNULL = YES;
				CLANG_ANALYZER_NUMBER_OBJECT_CONVERSION = YES_AGGRESSIVE;
				CLANG_CXX_LANGUAGE_STANDARD = "gnu++20";
				CLANG_ENABLE_MODULES = YES;
				CLANG_ENABLE_OBJC_ARC = YES;
				CLANG_ENABLE_OBJC_WEAK = YES;
				CLANG_WARN_BLOCK_CAPTURE_AUTORELEASING = YES;
				CLANG_WARN_BOOL_CONVERSION = YES;
				CLANG_WARN_COMMA = YES;
				CLANG_WARN_CONSTANT_CONVERSION = YES;
				CLANG_WARN_DEPRECATED_OBJC_IMPLEMENTATIONS = YES;
				CLANG_WARN_DIRECT_OBJC_ISA_USAGE = YES_ERROR;
				CLANG_WARN_DOCUMENTATION_COMMENTS = YES;
				CLANG_WARN_EMPTY_BODY = YES;
				CLANG_WARN_ENUM_CONVERSION = YES;
				CLANG_WARN_INFINITE_RECURSION = YES;
				CLANG_WARN_INT_CONVERSION = YES;
				CLANG_WARN_NON_LITERAL_NULL_CONVERSION = YES;
				CLANG_WARN_OBJC_IMPLICIT_RETAIN_SELF = YES;
				CLANG_WARN_OBJC_LITERAL_CONVERSION = YES;
				CLANG_WARN_OBJC_ROOT_CLASS = YES_ERROR;
				CLANG_WARN_QUOTED_INCLUDE_IN_FRAMEWORK_HEADER = YES;
				CLANG_WARN_RANGE_LOOP_ANALYSIS = YES;
				CLANG_WARN_STRICT_PROTOTYPES = YES;
				CLANG_WARN_SUSPICIOUS_MOVE = YES;
				CLANG_WARN_UNGUARDED_AVAILABILITY = YES_AGGRESSIVE;
				CLANG_WARN_UNREACHABLE_CODE = YES;
				CLANG_WARN__DUPLICATE_METHOD_MATCH = YES;
				COPY_PHASE_STRIP = NO;
				DEBUG_INFORMATION_FORMAT = dwarf;
				ENABLE_STRICT_OBJC_MSGSEND = YES;
				ENABLE_TESTABILITY = YES;
				ENABLE_USER_SCRIPT_SANDBOXING = YES;
				GCC_C_LANGUAGE_STANDARD = gnu17;
				GCC_DYNAMIC_NO_PIC = NO;
				GCC_NO_COMMON_BLOCKS = YES;
				GCC_OPTIMIZATION_LEVEL = 0;
				GCC_PREPROCESSOR_DEFINITIONS = (
					"DEBUG=1",
					"$(inherited)",
				);
				GCC_WARN_64_TO_32_BIT_CONVERSION = YES;
				GCC_WARN_ABOUT_RETURN_TYPE = YES_ERROR;
				GCC_WARN_UNDECLARED_SELECTOR = YES;
				GCC_WARN_UNINITIALIZED_AUTOS = YES_AGGRESSIVE;
				GCC_WARN_UNUSED_FUNCTION = YES;
				GCC_WARN_UNUSED_VARIABLE = YES;
				IPHONEOS_DEPLOYMENT_TARGET = 17.0;
				LOCALIZATION_PREFERS_STRING_CATALOGS = YES;
				MTL_ENABLE_DEBUG_INFO = INCLUDE_SOURCE;
				MTL_FAST_MATH = YES;
				ONLY_ACTIVE_ARCH = YES;
				SDKROOT = iphoneos;
				SWIFT_ACTIVE_COMPILATION_CONDITIONS = "DEBUG $(inherited)";
				SWIFT_OPTIMIZATION_LEVEL = "-Onone";
			};
			name = Debug;
		};
		9CDFD41E2BAB3429000466B9 /* Release */ = {
			isa = XCBuildConfiguration;
			buildSettings = {
				ALWAYS_SEARCH_USER_PATHS = NO;
				ASSETCATALOG_COMPILER_GENERATE_SWIFT_ASSET_SYMBOL_EXTENSIONS = YES;
				CLANG_ANALYZER_NONNULL = YES;
				CLANG_ANALYZER_NUMBER_OBJECT_CONVERSION = YES_AGGRESSIVE;
				CLANG_CXX_LANGUAGE_STANDARD = "gnu++20";
				CLANG_ENABLE_MODULES = YES;
				CLANG_ENABLE_OBJC_ARC = YES;
				CLANG_ENABLE_OBJC_WEAK = YES;
				CLANG_WARN_BLOCK_CAPTURE_AUTORELEASING = YES;
				CLANG_WARN_BOOL_CONVERSION = YES;
				CLANG_WARN_COMMA = YES;
				CLANG_WARN_CONSTANT_CONVERSION = YES;
				CLANG_WARN_DEPRECATED_OBJC_IMPLEMENTATIONS = YES;
				CLANG_WARN_DIRECT_OBJC_ISA_USAGE = YES_ERROR;
				CLANG_WARN_DOCUMENTATION_COMMENTS = YES;
				CLANG_WARN_EMPTY_BODY = YES;
				CLANG_WARN_ENUM_CONVERSION = YES;
				CLANG_WARN_INFINITE_RECURSION = YES;
				CLANG_WARN_INT_CONVERSION = YES;
				CLANG_WARN_NON_LITERAL_NULL_CONVERSION = YES;
				CLANG_WARN_OBJC_IMPLICIT_RETAIN_SELF = YES;
				CLANG_WARN_OBJC_LITERAL_CONVERSION = YES;
				CLANG_WARN_OBJC_ROOT_CLASS = YES_ERROR;
				CLANG_WARN_QUOTED_INCLUDE_IN_FRAMEWORK_HEADER = YES;
				CLANG_WARN_RANGE_LOOP_ANALYSIS = YES;
				CLANG_WARN_STRICT_PROTOTYPES = YES;
				CLANG_WARN_SUSPICIOUS_MOVE = YES;
				CLANG_WARN_UNGUARDED_AVAILABILITY = YES_AGGRESSIVE;
				CLANG_WARN_UNREACHABLE_CODE = YES;
				CLANG_WARN__DUPLICATE_METHOD_MATCH = YES;
				COPY_PHASE_STRIP = NO;
				DEBUG_INFORMATION_FORMAT = "dwarf-with-dsym";
				ENABLE_NS_ASSERTIONS = NO;
				ENABLE_STRICT_OBJC_MSGSEND = YES;
				ENABLE_USER_SCRIPT_SANDBOXING = YES;
				GCC_C_LANGUAGE_STANDARD = gnu17;
				GCC_NO_COMMON_BLOCKS = YES;
				GCC_WARN_64_TO_32_BIT_CONVERSION = YES;
				GCC_WARN_ABOUT_RETURN_TYPE = YES_ERROR;
				GCC_WARN_UNDECLARED_SELECTOR = YES;
				GCC_WARN_UNINITIALIZED_AUTOS = YES_AGGRESSIVE;
				GCC_WARN_UNUSED_FUNCTION = YES;
				GCC_WARN_UNUSED_VARIABLE = YES;
				IPHONEOS_DEPLOYMENT_TARGET = 17.0;
				LOCALIZATION_PREFERS_STRING_CATALOGS = YES;
				MTL_ENABLE_DEBUG_INFO = NO;
				MTL_FAST_MATH = YES;
				SDKROOT = iphoneos;
				SWIFT_COMPILATION_MODE = wholemodule;
				VALIDATE_PRODUCT = YES;
			};
			name = Release;
		};
		9CDFD4202BAB3429000466B9 /* Debug */ = {
			isa = XCBuildConfiguration;
			buildSettings = {
				ASSETCATALOG_COMPILER_APPICON_NAME = AppIcon;
				ASSETCATALOG_COMPILER_GLOBAL_ACCENT_COLOR_NAME = AccentColor;
				CODE_SIGN_STYLE = Automatic;
				CURRENT_PROJECT_VERSION = 1;
				DEVELOPMENT_TEAM = 9JUU34PUVC;
				ENABLE_PREVIEWS = YES;
				GENERATE_INFOPLIST_FILE = YES;
				INFOPLIST_FILE = "Vault-Info.plist";
				INFOPLIST_KEY_NSFaceIDUsageDescription = "Authenticate to access your secure data.";
				INFOPLIST_KEY_UIApplicationSceneManifest_Generation = YES;
				INFOPLIST_KEY_UIApplicationSupportsIndirectInputEvents = YES;
				INFOPLIST_KEY_UILaunchScreen_Generation = YES;
				INFOPLIST_KEY_UISupportedInterfaceOrientations_iPad = "UIInterfaceOrientationPortrait UIInterfaceOrientationPortraitUpsideDown UIInterfaceOrientationLandscapeLeft UIInterfaceOrientationLandscapeRight";
				INFOPLIST_KEY_UISupportedInterfaceOrientations_iPhone = "UIInterfaceOrientationPortrait UIInterfaceOrientationLandscapeLeft UIInterfaceOrientationLandscapeRight";
				LD_RUNPATH_SEARCH_PATHS = (
					"$(inherited)",
					"@executable_path/Frameworks",
				);
				MARKETING_VERSION = 1.0;
				PRODUCT_BUNDLE_IDENTIFIER = com.chqrles.Vault;
				PRODUCT_NAME = "$(TARGET_NAME)";
				SWIFT_EMIT_LOC_STRINGS = YES;
				SWIFT_VERSION = 5.0;
				TARGETED_DEVICE_FAMILY = "1,2";
			};
			name = Debug;
		};
		9CDFD4212BAB3429000466B9 /* Release */ = {
			isa = XCBuildConfiguration;
			buildSettings = {
				ASSETCATALOG_COMPILER_APPICON_NAME = AppIcon;
				ASSETCATALOG_COMPILER_GLOBAL_ACCENT_COLOR_NAME = AccentColor;
				CODE_SIGN_STYLE = Automatic;
				CURRENT_PROJECT_VERSION = 1;
				DEVELOPMENT_TEAM = 9JUU34PUVC;
				ENABLE_PREVIEWS = YES;
				GENERATE_INFOPLIST_FILE = YES;
				INFOPLIST_FILE = "Vault-Info.plist";
				INFOPLIST_KEY_NSFaceIDUsageDescription = "Authenticate to access your secure data.";
				INFOPLIST_KEY_UIApplicationSceneManifest_Generation = YES;
				INFOPLIST_KEY_UIApplicationSupportsIndirectInputEvents = YES;
				INFOPLIST_KEY_UILaunchScreen_Generation = YES;
				INFOPLIST_KEY_UISupportedInterfaceOrientations_iPad = "UIInterfaceOrientationPortrait UIInterfaceOrientationPortraitUpsideDown UIInterfaceOrientationLandscapeLeft UIInterfaceOrientationLandscapeRight";
				INFOPLIST_KEY_UISupportedInterfaceOrientations_iPhone = "UIInterfaceOrientationPortrait UIInterfaceOrientationLandscapeLeft UIInterfaceOrientationLandscapeRight";
				LD_RUNPATH_SEARCH_PATHS = (
					"$(inherited)",
					"@executable_path/Frameworks",
				);
				MARKETING_VERSION = 1.0;
				PRODUCT_BUNDLE_IDENTIFIER = com.chqrles.Vault;
				PRODUCT_NAME = "$(TARGET_NAME)";
				SWIFT_EMIT_LOC_STRINGS = YES;
				SWIFT_VERSION = 5.0;
				TARGETED_DEVICE_FAMILY = "1,2";
			};
			name = Release;
		};
		9CDFD4232BAB3429000466B9 /* Debug */ = {
			isa = XCBuildConfiguration;
			buildSettings = {
				ALWAYS_EMBED_SWIFT_STANDARD_LIBRARIES = YES;
				BUNDLE_LOADER = "$(TEST_HOST)";
				CODE_SIGN_STYLE = Automatic;
				CURRENT_PROJECT_VERSION = 1;
				DEVELOPMENT_TEAM = 9JUU34PUVC;
				GENERATE_INFOPLIST_FILE = YES;
				IPHONEOS_DEPLOYMENT_TARGET = 17.4;
				MARKETING_VERSION = 1.0;
				PRODUCT_BUNDLE_IDENTIFIER = com.chqrles.VaultTests;
				PRODUCT_NAME = "$(TARGET_NAME)";
				SWIFT_EMIT_LOC_STRINGS = NO;
				SWIFT_VERSION = 5.0;
				TARGETED_DEVICE_FAMILY = "1,2";
				TEST_HOST = "$(BUILT_PRODUCTS_DIR)/Vault.app/$(BUNDLE_EXECUTABLE_FOLDER_PATH)/Vault";
			};
			name = Debug;
		};
		9CDFD4242BAB3429000466B9 /* Release */ = {
			isa = XCBuildConfiguration;
			buildSettings = {
				ALWAYS_EMBED_SWIFT_STANDARD_LIBRARIES = YES;
				BUNDLE_LOADER = "$(TEST_HOST)";
				CODE_SIGN_STYLE = Automatic;
				CURRENT_PROJECT_VERSION = 1;
				DEVELOPMENT_TEAM = 9JUU34PUVC;
				GENERATE_INFOPLIST_FILE = YES;
				IPHONEOS_DEPLOYMENT_TARGET = 17.4;
				MARKETING_VERSION = 1.0;
				PRODUCT_BUNDLE_IDENTIFIER = com.chqrles.VaultTests;
				PRODUCT_NAME = "$(TARGET_NAME)";
				SWIFT_EMIT_LOC_STRINGS = NO;
				SWIFT_VERSION = 5.0;
				TARGETED_DEVICE_FAMILY = "1,2";
				TEST_HOST = "$(BUILT_PRODUCTS_DIR)/Vault.app/$(BUNDLE_EXECUTABLE_FOLDER_PATH)/Vault";
			};
			name = Release;
		};
		9CDFD4262BAB3429000466B9 /* Debug */ = {
			isa = XCBuildConfiguration;
			buildSettings = {
				ALWAYS_EMBED_SWIFT_STANDARD_LIBRARIES = YES;
				CODE_SIGN_STYLE = Automatic;
				CURRENT_PROJECT_VERSION = 1;
				DEVELOPMENT_TEAM = 9JUU34PUVC;
				GENERATE_INFOPLIST_FILE = YES;
				MARKETING_VERSION = 1.0;
				PRODUCT_BUNDLE_IDENTIFIER = com.chqrles.VaultUITests;
				PRODUCT_NAME = "$(TARGET_NAME)";
				SWIFT_EMIT_LOC_STRINGS = NO;
				SWIFT_VERSION = 5.0;
				TARGETED_DEVICE_FAMILY = "1,2";
				TEST_TARGET_NAME = Vault;
			};
			name = Debug;
		};
		9CDFD4272BAB3429000466B9 /* Release */ = {
			isa = XCBuildConfiguration;
			buildSettings = {
				ALWAYS_EMBED_SWIFT_STANDARD_LIBRARIES = YES;
				CODE_SIGN_STYLE = Automatic;
				CURRENT_PROJECT_VERSION = 1;
				DEVELOPMENT_TEAM = 9JUU34PUVC;
				GENERATE_INFOPLIST_FILE = YES;
				MARKETING_VERSION = 1.0;
				PRODUCT_BUNDLE_IDENTIFIER = com.chqrles.VaultUITests;
				PRODUCT_NAME = "$(TARGET_NAME)";
				SWIFT_EMIT_LOC_STRINGS = NO;
				SWIFT_VERSION = 5.0;
				TARGETED_DEVICE_FAMILY = "1,2";
				TEST_TARGET_NAME = Vault;
			};
			name = Release;
		};
/* End XCBuildConfiguration section */

/* Begin XCConfigurationList section */
		9CDFD3F62BAB3428000466B9 /* Build configuration list for PBXProject "Vault" */ = {
			isa = XCConfigurationList;
			buildConfigurations = (
				9CDFD41D2BAB3429000466B9 /* Debug */,
				9CDFD41E2BAB3429000466B9 /* Release */,
			);
			defaultConfigurationIsVisible = 0;
			defaultConfigurationName = Release;
		};
		9CDFD41F2BAB3429000466B9 /* Build configuration list for PBXNativeTarget "Vault" */ = {
			isa = XCConfigurationList;
			buildConfigurations = (
				9CDFD4202BAB3429000466B9 /* Debug */,
				9CDFD4212BAB3429000466B9 /* Release */,
			);
			defaultConfigurationIsVisible = 0;
			defaultConfigurationName = Release;
		};
		9CDFD4222BAB3429000466B9 /* Build configuration list for PBXNativeTarget "VaultTests" */ = {
			isa = XCConfigurationList;
			buildConfigurations = (
				9CDFD4232BAB3429000466B9 /* Debug */,
				9CDFD4242BAB3429000466B9 /* Release */,
			);
			defaultConfigurationIsVisible = 0;
			defaultConfigurationName = Release;
		};
		9CDFD4252BAB3429000466B9 /* Build configuration list for PBXNativeTarget "VaultUITests" */ = {
			isa = XCConfigurationList;
			buildConfigurations = (
				9CDFD4262BAB3429000466B9 /* Debug */,
				9CDFD4272BAB3429000466B9 /* Release */,
			);
			defaultConfigurationIsVisible = 0;
			defaultConfigurationName = Release;
		};
/* End XCConfigurationList section */

/* Begin XCRemoteSwiftPackageReference section */
		9CD778A02BB1913B00BA4677 /* XCRemoteSwiftPackageReference "ConfettiSwiftUI" */ = {
			isa = XCRemoteSwiftPackageReference;
			repositoryURL = "https://github.com/simibac/ConfettiSwiftUI.git";
			requirement = {
				kind = upToNextMajorVersion;
				minimumVersion = 1.1.0;
			};
		};
/* End XCRemoteSwiftPackageReference section */

/* Begin XCSwiftPackageProductDependency section */
		9CD778A22BB1939200BA4677 /* ConfettiSwiftUI */ = {
			isa = XCSwiftPackageProductDependency;
			package = 9CD778A02BB1913B00BA4677 /* XCRemoteSwiftPackageReference "ConfettiSwiftUI" */;
			productName = ConfettiSwiftUI;
		};
/* End XCSwiftPackageProductDependency section */
	};
	rootObject = 9CDFD3F32BAB3428000466B9 /* Project object */;
}
