{
  "originHash" : "e989c29a00cdbc88e84ace3aaa7eeac1f806d49318dea6f233092c8d0b7cd0c9",
  "pins" : [
    {
      "identity" : "confettiswiftui",
      "kind" : "remoteSourceControl",
      "location" : "https://github.com/simibac/ConfettiSwiftUI.git",
      "state" : {
        "revision" : "f45961f97bbae6fff6e2e64546fea0189425ad92",
        "version" : "1.1.0"
      }
    },
    {
      "identity" : "phonenumberkit",
      "kind" : "remoteSourceControl",
      "location" : "https://github.com/marmelroy/PhoneNumberKit",
      "state" : {
        "revision" : "ee5d7114934e60812c9b47c333f01b67d002be2d",
        "version" : "3.7.10"
      }
    }
  ],
  "version" : 3
}
